Microsoft Visual Studio Solution File, Format Version 12.00
# Visual Studio 14
VisualStudioVersion = 14.0.25420.1
MinimumVisualStudioVersion = 10.0.40219.1
Project("{2150E333-8FDC-42A3-9474-1A3956D46DE8}") = "UI", "UI", "{D4CC7180-CA92-4764-8030-15071B2B7D24}"
EndProject
Project("{2150E333-8FDC-42A3-9474-1A3956D46DE8}") = "Web", "Web", "{4A899A4E-8944-462C-8C4B-EA1C8313C5DD}"
EndProject
Project("{2150E333-8FDC-42A3-9474-1A3956D46DE8}") = "Core", "Core", "{836E16FA-397D-4397-B68C-8FD6B955D721}"
EndProject
Project("{2150E333-8FDC-42A3-9474-1A3956D46DE8}") = "Frameworks", "Frameworks", "{662EE4A1-46AA-4924-A874-5CB73C6232E0}"
EndProject
Project("{2150E333-8FDC-42A3-9474-1A3956D46DE8}") = "Wcf", "Wcf", "{417A9B3C-5113-4DC1-8C88-C3B953133B08}"
EndProject
Project("{2150E333-8FDC-42A3-9474-1A3956D46DE8}") = ".nuget", ".nuget", "{C7AFD4E1-D307-437A-A664-00C8BAD46061}"
	ProjectSection(SolutionItems) = preProject
		.nuget\NuGet.Config = .nuget\NuGet.Config
		.nuget\NuGet.exe = .nuget\NuGet.exe
		.nuget\NuGet.targets = .nuget\NuGet.targets
	EndProjectSection
EndProject
Project("{FAE04EC0-301F-11D3-BF4B-00C04F79EFBC}") = "MSBuildLogsExtended.AspNetMvc40ApiController", "MSBuildLogsExtended\UI\Web\AspNetMvc40ApiController\MSBuildLogsExtended.AspNetMvc40ApiController.csproj", "{A895C92C-862C-4BE8-8753-F42FCFD19E7C}"
EndProject
Project("{FAE04EC0-301F-11D3-BF4B-00C04F79EFBC}") = "MSBuildLogsExtended.AspNetMvc40Rasor", "MSBuildLogsExtended\UI\Web\AspNetMvc40Rasor\MSBuildLogsExtended.AspNetMvc40Rasor.csproj", "{F8B517AE-8E54-4429-84E4-5CB2EF533559}"
EndProject
Project("{FAE04EC0-301F-11D3-BF4B-00C04F79EFBC}") = "MSBuildLogsExtended.AspNetMvc40ViewModel", "MSBuildLogsExtended\UI\Web\AspNetMvc40ViewModel\MSBuildLogsExtended.AspNetMvc40ViewModel.csproj", "{4A61B777-EFD3-4DC3-9570-5A5D1A043BC8}"
EndProject
Project("{FAE04EC0-301F-11D3-BF4B-00C04F79EFBC}") = "MSBuildLogsExtended.AspNetMvc40WebApi", "MSBuildLogsExtended\UI\Web\AspNetMvc40WebApi\MSBuildLogsExtended.AspNetMvc40WebApi.csproj", "{CF0693B4-488E-404B-9AEA-AD541B6A11C0}"
EndProject
Project("{FAE04EC0-301F-11D3-BF4B-00C04F79EFBC}") = "MSBuildLogsExtended.AspNetMvc50AngularSPA", "MSBuildLogsExtended\UI\Web\AspNetMvc50AngularSPA\MSBuildLogsExtended.AspNetMvc50AngularSPA.csproj", "{5B66AF71-8589-43B2-9930-46107EEE91B4}"
EndProject
Project("{FAE04EC0-301F-11D3-BF4B-00C04F79EFBC}") = "MSBuildLogsExtended.AspNetMvc50ApiController", "MSBuildLogsExtended\UI\Web\AspNetMvc50ApiController\MSBuildLogsExtended.AspNetMvc50ApiController.csproj", "{CE18C759-C5E5-4737-BB1A-F91A58E9E4C5}"
EndProject
Project("{FAE04EC0-301F-11D3-BF4B-00C04F79EFBC}") = "MSBuildLogsExtended.AspNetMvc50Rasor", "MSBuildLogsExtended\UI\Web\AspNetMvc50Rasor\MSBuildLogsExtended.AspNetMvc50Rasor.csproj", "{4604688A-7FD8-411F-BC04-0AB0D46E0135}"
EndProject
Project("{FAE04EC0-301F-11D3-BF4B-00C04F79EFBC}") = "MSBuildLogsExtended.AspNetMvc50WebApi2", "MSBuildLogsExtended\UI\Web\AspNetMvc50WebApi2\MSBuildLogsExtended.AspNetMvc50WebApi2.csproj", "{14ACE153-7EED-4F0B-A4E0-9F593A6D52D2}"
EndProject
Project("{FAE04EC0-301F-11D3-BF4B-00C04F79EFBC}") = "MSBuildLogsExtended.CommonBLL", "MSBuildLogsExtended\Core\CommonBLL\MSBuildLogsExtended.CommonBLL.csproj", "{B32A7470-A5E0-459B-831F-F598B09B75C7}"
EndProject
Project("{FAE04EC0-301F-11D3-BF4B-00C04F79EFBC}") = "MSBuildLogsExtended.CommonBLLEntities", "MSBuildLogsExtended\Core\CommonBLLEntities\MSBuildLogsExtended.CommonBLLEntities.csproj", "{F201379D-034B-4892-9AEC-927A3D67D260}"
EndProject
Project("{FAE04EC0-301F-11D3-BF4B-00C04F79EFBC}") = "MSBuildLogsExtended.CommonBLLIoC", "MSBuildLogsExtended\Core\CommonBLLIoC\MSBuildLogsExtended.CommonBLLIoC.csproj", "{8A12C259-5B56-47AF-A21C-0E709F5E8E54}"
EndProject
Project("{FAE04EC0-301F-11D3-BF4B-00C04F79EFBC}") = "MSBuildLogsExtended.DALContracts", "MSBuildLogsExtended\Core\DALContracts\MSBuildLogsExtended.DALContracts.csproj", "{028BD872-F585-4D60-9E45-E5BECE93D775}"
EndProject
Project("{FAE04EC0-301F-11D3-BF4B-00C04F79EFBC}") = "MSBuildLogsExtended.DataSourceEntities", "MSBuildLogsExtended\Core\DataSourceEntities\MSBuildLogsExtended.DataSourceEntities.csproj", "{37102465-556B-49E7-8CA2-A7814E45DE36}"
EndProject
Project("{FAE04EC0-301F-11D3-BF4B-00C04F79EFBC}") = "MSBuildLogsExtended.EntityContracts", "MSBuildLogsExtended\Core\EntityContracts\MSBuildLogsExtended.EntityContracts.csproj", "{A9940920-207F-471D-8164-13D5A4B518BA}"
EndProject
Project("{FAE04EC0-301F-11D3-BF4B-00C04F79EFBC}") = "MSBuildLogsExtended.EntityFrameworkContextV6", "MSBuildLogsExtended\Core\EntityFrameworkContextV6\MSBuildLogsExtended.EntityFrameworkContextV6.csproj", "{C3B7905B-DDE3-43AB-BF95-851B9F241728}"
EndProject
Project("{FAE04EC0-301F-11D3-BF4B-00C04F79EFBC}") = "MSBuildLogsExtended.EntityFrameworkContextV6CodeFirst", "MSBuildLogsExtended\Core\EntityFrameworkContextV6CodeFirst\MSBuildLogsExtended.EntityFrameworkContextV6CodeFirst.csproj", "{53E9D500-88E1-433A-87FA-501C11E9879E}"
EndProject
Project("{FAE04EC0-301F-11D3-BF4B-00C04F79EFBC}") = "MSBuildLogsExtended.EntityFrameworkDALV6", "MSBuildLogsExtended\Core\EntityFrameworkDALV6\MSBuildLogsExtended.EntityFrameworkDALV6.csproj", "{CB80E983-607D-48F9-8D2F-BDD182551EEC}"
EndProject
Project("{FAE04EC0-301F-11D3-BF4B-00C04F79EFBC}") = "MSBuildLogsExtended.EntityFrameworkDALV6CodeFirst", "MSBuildLogsExtended\Core\EntityFrameworkDALV6CodeFirst\MSBuildLogsExtended.EntityFrameworkDALV6CodeFirst.csproj", "{90F719D6-AC27-4F7C-A42B-723601155B53}"
EndProject
Project("{FAE04EC0-301F-11D3-BF4B-00C04F79EFBC}") = "Framework", "Frameworks\Framework\Framework.csproj", "{6D25AA30-C3AF-4AE0-B567-0F2653120CDC}"
EndProject
Project("{FAE04EC0-301F-11D3-BF4B-00C04F79EFBC}") = "Framework.Charting", "Frameworks\Framework.Charting\Framework.Charting.csproj", "{51D5F233-02F2-45F7-B4F2-60D18EF3DEC5}"
EndProject
Project("{FAE04EC0-301F-11D3-BF4B-00C04F79EFBC}") = "Framework.CommonBLLEntities", "Frameworks\Framework.CommonBLLEntities\Framework.CommonBLLEntities.csproj", "{BA8C8C0B-470A-4D3C-B3DA-9E28599799B5}"
EndProject
Project("{FAE04EC0-301F-11D3-BF4B-00C04F79EFBC}") = "Framework.DAL", "Frameworks\Framework.DAL\Framework.DAL.csproj", "{525678C4-FDC1-4A5D-9D8A-D7E78309335F}"
EndProject
Project("{FAE04EC0-301F-11D3-BF4B-00C04F79EFBC}") = "Framework.DataSourceEntities", "Frameworks\Framework.DataSourceEntities\Framework.DataSourceEntities.csproj", "{F85A14D5-64E0-4CFC-88DA-27FE9D0DD664}"
EndProject
Project("{FAE04EC0-301F-11D3-BF4B-00C04F79EFBC}") = "Framework.EntityContracts", "Frameworks\Framework.EntityContracts\Framework.EntityContracts.csproj", "{C3A270DE-9727-492E-91E2-F56E7E0E0F83}"
EndProject
Project("{FAE04EC0-301F-11D3-BF4B-00C04F79EFBC}") = "Framework.LinqDAL", "Frameworks\Framework.LinqDAL\Framework.LinqDAL.csproj", "{7D1B22F8-06A2-4D09-A3AD-D93A09A01815}"
EndProject
Project("{FAE04EC0-301F-11D3-BF4B-00C04F79EFBC}") = "Framework.Mvc", "Frameworks\Framework.Mvc\Framework.Mvc.csproj", "{E45A004F-FBEF-445C-9607-FBC89D6D4590}"
EndProject
Project("{FAE04EC0-301F-11D3-BF4B-00C04F79EFBC}") = "Framework.Resources", "Frameworks\Framework.Resources\Framework.Resources.csproj", "{C72B898B-B53B-42D5-9F4F-673F84BB485B}"
EndProject
Project("{FAE04EC0-301F-11D3-BF4B-00C04F79EFBC}") = "Framework.Services", "Frameworks\Framework.Services\Framework.Services.csproj", "{3EF91DC7-12C9-47F3-BB18-AD3D85D1B624}"
EndProject
Project("{FAE04EC0-301F-11D3-BF4B-00C04F79EFBC}") = "Framework.TokenAuth", "Frameworks\Framework.TokenAuth\Framework.TokenAuth.csproj", "{33C271B9-0A43-408A-8C6A-B1A43ED065A7}"
EndProject
Project("{FAE04EC0-301F-11D3-BF4B-00C04F79EFBC}") = "Framework.WcfClient", "Frameworks\Framework.WcfClient\Framework.WcfClient.csproj", "{3AC70E9C-5E33-44AF-8319-2E4F68DA86CB}"
EndProject
Project("{FAE04EC0-301F-11D3-BF4B-00C04F79EFBC}") = "Framework.Web", "Frameworks\Framework.Web\Framework.Web.csproj", "{950B9CDB-9286-4A1A-8D88-1DF6954A45E3}"
EndProject
Project("{FAE04EC0-301F-11D3-BF4B-00C04F79EFBC}") = "Framework.WebApp", "Frameworks\Framework.WebApp\Framework.WebApp.csproj", "{5937761D-D25B-4C6F-A5E8-FCBFA258BB4A}"
EndProject
Project("{FAE04EC0-301F-11D3-BF4B-00C04F79EFBC}") = "Framework.Xaml", "Frameworks\Framework.Xaml\Framework.Xaml.csproj", "{E5302713-0022-4657-85D8-9620818071DF}"
EndProject
Project("{FAE04EC0-301F-11D3-BF4B-00C04F79EFBC}") = "MSBuildLogsExtended.Resources", "MSBuildLogsExtended\Core\Resources\MSBuildLogsExtended.Resources.csproj", "{ADA3B560-C0B9-42D0-92FF-A76462E8D524}"
EndProject
Project("{00D1A9C2-B5F0-4AF3-8072-F6C62B433612}") = "MSBuildLogsExtended.VS2012DatabaseProject", "MSBuildLogsExtended\Core\VS2012DatabaseProject\MSBuildLogsExtended.VS2012DatabaseProject.sqlproj", "{6C51BF0B-42F0-4670-9F20-A47BB0EA8866}"
EndProject
Project("{FAE04EC0-301F-11D3-BF4B-00C04F79EFBC}") = "MSBuildLogsExtended.WcfClientBLL", "MSBuildLogsExtended\Wcf\WcfClientBLL\MSBuildLogsExtended.WcfClientBLL.csproj", "{794EA58E-D8EE-422C-B6FB-D9965E175AA3}"
EndProject
Project("{FAE04EC0-301F-11D3-BF4B-00C04F79EFBC}") = "MSBuildLogsExtended.WcfContracts", "MSBuildLogsExtended\Core\WcfContracts\MSBuildLogsExtended.WcfContracts.csproj", "{23BF8E7C-DF8C-43F2-9153-53DE5EE23C86}"
EndProject
Project("{FAE04EC0-301F-11D3-BF4B-00C04F79EFBC}") = "MSBuildLogsExtended.WcfWebApp", "MSBuildLogsExtended\Wcf\WcfWebApp\MSBuildLogsExtended.WcfWebApp.csproj", "{1A018476-EFB6-485D-9DBC-3EA5EA955EEE}"
EndProject
Project("{FAE04EC0-301F-11D3-BF4B-00C04F79EFBC}") = "MSBuildLogsExtended.AspNetMvc50Rasor.C", "MSBuildLogsExtended\UI\Web\MSBuildLogsExtended.AspNetMvc50Rasor.C\MSBuildLogsExtended.AspNetMvc50Rasor.C.csproj", "{C6ACBA0B-695E-4B58-822E-4F6D33D3C757}"
EndProject
Global
	GlobalSection(SolutionConfigurationPlatforms) = preSolution
		Debug|Any CPU = Debug|Any CPU
		Debug|ARM = Debug|ARM
		Debug|x86 = Debug|x86
		Release|Any CPU = Release|Any CPU
		Release|ARM = Release|ARM
		Release|x86 = Release|x86
	EndGlobalSection
	GlobalSection(ProjectConfigurationPlatforms) = postSolution
		{A895C92C-862C-4BE8-8753-F42FCFD19E7C}.Debug|Any CPU.ActiveCfg = Debug|Any CPU
		{A895C92C-862C-4BE8-8753-F42FCFD19E7C}.Debug|Any CPU.Build.0 = Debug|Any CPU
		{A895C92C-862C-4BE8-8753-F42FCFD19E7C}.Debug|ARM.ActiveCfg = Debug|Any CPU
		{A895C92C-862C-4BE8-8753-F42FCFD19E7C}.Debug|ARM.Build.0 = Debug|Any CPU
		{A895C92C-862C-4BE8-8753-F42FCFD19E7C}.Debug|x86.ActiveCfg = Debug|Any CPU
		{A895C92C-862C-4BE8-8753-F42FCFD19E7C}.Debug|x86.Build.0 = Debug|Any CPU
		{A895C92C-862C-4BE8-8753-F42FCFD19E7C}.Release|Any CPU.ActiveCfg = Release|Any CPU
		{A895C92C-862C-4BE8-8753-F42FCFD19E7C}.Release|Any CPU.Build.0 = Debug|Any CPU
		{A895C92C-862C-4BE8-8753-F42FCFD19E7C}.Release|ARM.ActiveCfg = Release|Any CPU
		{A895C92C-862C-4BE8-8753-F42FCFD19E7C}.Release|ARM.Build.0 = Release|Any CPU
		{A895C92C-862C-4BE8-8753-F42FCFD19E7C}.Release|x86.ActiveCfg = Release|Any CPU
		{A895C92C-862C-4BE8-8753-F42FCFD19E7C}.Release|x86.Build.0 = Release|Any CPU
		{F8B517AE-8E54-4429-84E4-5CB2EF533559}.Debug|Any CPU.ActiveCfg = Debug|Any CPU
		{F8B517AE-8E54-4429-84E4-5CB2EF533559}.Debug|Any CPU.Build.0 = Debug|Any CPU
		{F8B517AE-8E54-4429-84E4-5CB2EF533559}.Debug|ARM.ActiveCfg = Debug|Any CPU
		{F8B517AE-8E54-4429-84E4-5CB2EF533559}.Debug|ARM.Build.0 = Debug|Any CPU
		{F8B517AE-8E54-4429-84E4-5CB2EF533559}.Debug|x86.ActiveCfg = Debug|Any CPU
		{F8B517AE-8E54-4429-84E4-5CB2EF533559}.Debug|x86.Build.0 = Debug|Any CPU
		{F8B517AE-8E54-4429-84E4-5CB2EF533559}.Release|Any CPU.ActiveCfg = Release|Any CPU
		{F8B517AE-8E54-4429-84E4-5CB2EF533559}.Release|Any CPU.Build.0 = Debug|Any CPU
		{F8B517AE-8E54-4429-84E4-5CB2EF533559}.Release|ARM.ActiveCfg = Release|Any CPU
		{F8B517AE-8E54-4429-84E4-5CB2EF533559}.Release|ARM.Build.0 = Release|Any CPU
		{F8B517AE-8E54-4429-84E4-5CB2EF533559}.Release|x86.ActiveCfg = Release|Any CPU
		{F8B517AE-8E54-4429-84E4-5CB2EF533559}.Release|x86.Build.0 = Release|Any CPU
		{4A61B777-EFD3-4DC3-9570-5A5D1A043BC8}.Debug|Any CPU.ActiveCfg = Debug|Any CPU
		{4A61B777-EFD3-4DC3-9570-5A5D1A043BC8}.Debug|Any CPU.Build.0 = Debug|Any CPU
		{4A61B777-EFD3-4DC3-9570-5A5D1A043BC8}.Debug|ARM.ActiveCfg = Debug|Any CPU
		{4A61B777-EFD3-4DC3-9570-5A5D1A043BC8}.Debug|ARM.Build.0 = Debug|Any CPU
		{4A61B777-EFD3-4DC3-9570-5A5D1A043BC8}.Debug|x86.ActiveCfg = Debug|Any CPU
		{4A61B777-EFD3-4DC3-9570-5A5D1A043BC8}.Debug|x86.Build.0 = Debug|Any CPU
		{4A61B777-EFD3-4DC3-9570-5A5D1A043BC8}.Release|Any CPU.ActiveCfg = Release|Any CPU
		{4A61B777-EFD3-4DC3-9570-5A5D1A043BC8}.Release|Any CPU.Build.0 = Debug|Any CPU
		{4A61B777-EFD3-4DC3-9570-5A5D1A043BC8}.Release|ARM.ActiveCfg = Release|Any CPU
		{4A61B777-EFD3-4DC3-9570-5A5D1A043BC8}.Release|ARM.Build.0 = Release|Any CPU
		{4A61B777-EFD3-4DC3-9570-5A5D1A043BC8}.Release|x86.ActiveCfg = Release|Any CPU
		{4A61B777-EFD3-4DC3-9570-5A5D1A043BC8}.Release|x86.Build.0 = Release|Any CPU
		{CF0693B4-488E-404B-9AEA-AD541B6A11C0}.Debug|Any CPU.ActiveCfg = Debug|Any CPU
		{CF0693B4-488E-404B-9AEA-AD541B6A11C0}.Debug|Any CPU.Build.0 = Debug|Any CPU
		{CF0693B4-488E-404B-9AEA-AD541B6A11C0}.Debug|ARM.ActiveCfg = Debug|Any CPU
		{CF0693B4-488E-404B-9AEA-AD541B6A11C0}.Debug|ARM.Build.0 = Debug|Any CPU
		{CF0693B4-488E-404B-9AEA-AD541B6A11C0}.Debug|x86.ActiveCfg = Debug|Any CPU
		{CF0693B4-488E-404B-9AEA-AD541B6A11C0}.Debug|x86.Build.0 = Debug|Any CPU
		{CF0693B4-488E-404B-9AEA-AD541B6A11C0}.Release|Any CPU.ActiveCfg = Release|Any CPU
		{CF0693B4-488E-404B-9AEA-AD541B6A11C0}.Release|Any CPU.Build.0 = Debug|Any CPU
		{CF0693B4-488E-404B-9AEA-AD541B6A11C0}.Release|ARM.ActiveCfg = Release|Any CPU
		{CF0693B4-488E-404B-9AEA-AD541B6A11C0}.Release|ARM.Build.0 = Release|Any CPU
		{CF0693B4-488E-404B-9AEA-AD541B6A11C0}.Release|x86.ActiveCfg = Release|Any CPU
		{CF0693B4-488E-404B-9AEA-AD541B6A11C0}.Release|x86.Build.0 = Release|Any CPU
		{5B66AF71-8589-43B2-9930-46107EEE91B4}.Debug|Any CPU.ActiveCfg = Debug|Any CPU
		{5B66AF71-8589-43B2-9930-46107EEE91B4}.Debug|Any CPU.Build.0 = Debug|Any CPU
		{5B66AF71-8589-43B2-9930-46107EEE91B4}.Debug|ARM.ActiveCfg = Debug|Any CPU
		{5B66AF71-8589-43B2-9930-46107EEE91B4}.Debug|ARM.Build.0 = Debug|Any CPU
		{5B66AF71-8589-43B2-9930-46107EEE91B4}.Debug|x86.ActiveCfg = Debug|Any CPU
		{5B66AF71-8589-43B2-9930-46107EEE91B4}.Debug|x86.Build.0 = Debug|Any CPU
		{5B66AF71-8589-43B2-9930-46107EEE91B4}.Release|Any CPU.ActiveCfg = Release|Any CPU
		{5B66AF71-8589-43B2-9930-46107EEE91B4}.Release|Any CPU.Build.0 = Debug|Any CPU
		{5B66AF71-8589-43B2-9930-46107EEE91B4}.Release|ARM.ActiveCfg = Release|Any CPU
		{5B66AF71-8589-43B2-9930-46107EEE91B4}.Release|ARM.Build.0 = Release|Any CPU
		{5B66AF71-8589-43B2-9930-46107EEE91B4}.Release|x86.ActiveCfg = Release|Any CPU
		{5B66AF71-8589-43B2-9930-46107EEE91B4}.Release|x86.Build.0 = Release|Any CPU
		{CE18C759-C5E5-4737-BB1A-F91A58E9E4C5}.Debug|Any CPU.ActiveCfg = Debug|Any CPU
		{CE18C759-C5E5-4737-BB1A-F91A58E9E4C5}.Debug|Any CPU.Build.0 = Debug|Any CPU
		{CE18C759-C5E5-4737-BB1A-F91A58E9E4C5}.Debug|ARM.ActiveCfg = Debug|Any CPU
		{CE18C759-C5E5-4737-BB1A-F91A58E9E4C5}.Debug|ARM.Build.0 = Debug|Any CPU
		{CE18C759-C5E5-4737-BB1A-F91A58E9E4C5}.Debug|x86.ActiveCfg = Debug|Any CPU
		{CE18C759-C5E5-4737-BB1A-F91A58E9E4C5}.Debug|x86.Build.0 = Debug|Any CPU
		{CE18C759-C5E5-4737-BB1A-F91A58E9E4C5}.Release|Any CPU.ActiveCfg = Release|Any CPU
		{CE18C759-C5E5-4737-BB1A-F91A58E9E4C5}.Release|Any CPU.Build.0 = Debug|Any CPU
		{CE18C759-C5E5-4737-BB1A-F91A58E9E4C5}.Release|ARM.ActiveCfg = Release|Any CPU
		{CE18C759-C5E5-4737-BB1A-F91A58E9E4C5}.Release|ARM.Build.0 = Release|Any CPU
		{CE18C759-C5E5-4737-BB1A-F91A58E9E4C5}.Release|x86.ActiveCfg = Release|Any CPU
		{CE18C759-C5E5-4737-BB1A-F91A58E9E4C5}.Release|x86.Build.0 = Release|Any CPU
		{4604688A-7FD8-411F-BC04-0AB0D46E0135}.Debug|Any CPU.ActiveCfg = Debug|Any CPU
		{4604688A-7FD8-411F-BC04-0AB0D46E0135}.Debug|Any CPU.Build.0 = Debug|Any CPU
		{4604688A-7FD8-411F-BC04-0AB0D46E0135}.Debug|ARM.ActiveCfg = Debug|Any CPU
		{4604688A-7FD8-411F-BC04-0AB0D46E0135}.Debug|ARM.Build.0 = Debug|Any CPU
		{4604688A-7FD8-411F-BC04-0AB0D46E0135}.Debug|x86.ActiveCfg = Debug|Any CPU
		{4604688A-7FD8-411F-BC04-0AB0D46E0135}.Debug|x86.Build.0 = Debug|Any CPU
		{4604688A-7FD8-411F-BC04-0AB0D46E0135}.Release|Any CPU.ActiveCfg = Release|Any CPU
		{4604688A-7FD8-411F-BC04-0AB0D46E0135}.Release|Any CPU.Build.0 = Debug|Any CPU
		{4604688A-7FD8-411F-BC04-0AB0D46E0135}.Release|ARM.ActiveCfg = Release|Any CPU
		{4604688A-7FD8-411F-BC04-0AB0D46E0135}.Release|ARM.Build.0 = Release|Any CPU
		{4604688A-7FD8-411F-BC04-0AB0D46E0135}.Release|x86.ActiveCfg = Release|Any CPU
		{4604688A-7FD8-411F-BC04-0AB0D46E0135}.Release|x86.Build.0 = Release|Any CPU
		{14ACE153-7EED-4F0B-A4E0-9F593A6D52D2}.Debug|Any CPU.ActiveCfg = Debug|Any CPU
		{14ACE153-7EED-4F0B-A4E0-9F593A6D52D2}.Debug|Any CPU.Build.0 = Debug|Any CPU
		{14ACE153-7EED-4F0B-A4E0-9F593A6D52D2}.Debug|ARM.ActiveCfg = Debug|Any CPU
		{14ACE153-7EED-4F0B-A4E0-9F593A6D52D2}.Debug|ARM.Build.0 = Debug|Any CPU
		{14ACE153-7EED-4F0B-A4E0-9F593A6D52D2}.Debug|x86.ActiveCfg = Debug|Any CPU
		{14ACE153-7EED-4F0B-A4E0-9F593A6D52D2}.Debug|x86.Build.0 = Debug|Any CPU
		{14ACE153-7EED-4F0B-A4E0-9F593A6D52D2}.Release|Any CPU.ActiveCfg = Release|Any CPU
		{14ACE153-7EED-4F0B-A4E0-9F593A6D52D2}.Release|Any CPU.Build.0 = Debug|Any CPU
		{14ACE153-7EED-4F0B-A4E0-9F593A6D52D2}.Release|ARM.ActiveCfg = Release|Any CPU
		{14ACE153-7EED-4F0B-A4E0-9F593A6D52D2}.Release|ARM.Build.0 = Release|Any CPU
		{14ACE153-7EED-4F0B-A4E0-9F593A6D52D2}.Release|x86.ActiveCfg = Release|Any CPU
		{14ACE153-7EED-4F0B-A4E0-9F593A6D52D2}.Release|x86.Build.0 = Release|Any CPU
		{B32A7470-A5E0-459B-831F-F598B09B75C7}.Debug|Any CPU.ActiveCfg = Debug|Any CPU
		{B32A7470-A5E0-459B-831F-F598B09B75C7}.Debug|Any CPU.Build.0 = Debug|Any CPU
		{B32A7470-A5E0-459B-831F-F598B09B75C7}.Debug|ARM.ActiveCfg = Debug|Any CPU
		{B32A7470-A5E0-459B-831F-F598B09B75C7}.Debug|ARM.Build.0 = Debug|Any CPU
		{B32A7470-A5E0-459B-831F-F598B09B75C7}.Debug|x86.ActiveCfg = Debug|Any CPU
		{B32A7470-A5E0-459B-831F-F598B09B75C7}.Debug|x86.Build.0 = Debug|Any CPU
		{B32A7470-A5E0-459B-831F-F598B09B75C7}.Release|Any CPU.ActiveCfg = Release|Any CPU
		{B32A7470-A5E0-459B-831F-F598B09B75C7}.Release|Any CPU.Build.0 = Debug|Any CPU
		{B32A7470-A5E0-459B-831F-F598B09B75C7}.Release|ARM.ActiveCfg = Release|Any CPU
		{B32A7470-A5E0-459B-831F-F598B09B75C7}.Release|ARM.Build.0 = Release|Any CPU
		{B32A7470-A5E0-459B-831F-F598B09B75C7}.Release|x86.ActiveCfg = Release|Any CPU
		{B32A7470-A5E0-459B-831F-F598B09B75C7}.Release|x86.Build.0 = Release|Any CPU
		{F201379D-034B-4892-9AEC-927A3D67D260}.Debug|Any CPU.ActiveCfg = Debug|Any CPU
		{F201379D-034B-4892-9AEC-927A3D67D260}.Debug|Any CPU.Build.0 = Debug|Any CPU
		{F201379D-034B-4892-9AEC-927A3D67D260}.Debug|ARM.ActiveCfg = Debug|Any CPU
		{F201379D-034B-4892-9AEC-927A3D67D260}.Debug|ARM.Build.0 = Debug|Any CPU
		{F201379D-034B-4892-9AEC-927A3D67D260}.Debug|x86.ActiveCfg = Debug|Any CPU
		{F201379D-034B-4892-9AEC-927A3D67D260}.Debug|x86.Build.0 = Debug|Any CPU
		{F201379D-034B-4892-9AEC-927A3D67D260}.Release|Any CPU.ActiveCfg = Release|Any CPU
		{F201379D-034B-4892-9AEC-927A3D67D260}.Release|Any CPU.Build.0 = Debug|Any CPU
		{F201379D-034B-4892-9AEC-927A3D67D260}.Release|ARM.ActiveCfg = Release|Any CPU
		{F201379D-034B-4892-9AEC-927A3D67D260}.Release|ARM.Build.0 = Release|Any CPU
		{F201379D-034B-4892-9AEC-927A3D67D260}.Release|x86.ActiveCfg = Release|Any CPU
		{F201379D-034B-4892-9AEC-927A3D67D260}.Release|x86.Build.0 = Release|Any CPU
		{8A12C259-5B56-47AF-A21C-0E709F5E8E54}.Debug|Any CPU.ActiveCfg = Debug|Any CPU
		{8A12C259-5B56-47AF-A21C-0E709F5E8E54}.Debug|Any CPU.Build.0 = Debug|Any CPU
		{8A12C259-5B56-47AF-A21C-0E709F5E8E54}.Debug|ARM.ActiveCfg = Debug|Any CPU
		{8A12C259-5B56-47AF-A21C-0E709F5E8E54}.Debug|ARM.Build.0 = Debug|Any CPU
		{8A12C259-5B56-47AF-A21C-0E709F5E8E54}.Debug|x86.ActiveCfg = Debug|Any CPU
		{8A12C259-5B56-47AF-A21C-0E709F5E8E54}.Debug|x86.Build.0 = Debug|Any CPU
		{8A12C259-5B56-47AF-A21C-0E709F5E8E54}.Release|Any CPU.ActiveCfg = Release|Any CPU
		{8A12C259-5B56-47AF-A21C-0E709F5E8E54}.Release|Any CPU.Build.0 = Debug|Any CPU
		{8A12C259-5B56-47AF-A21C-0E709F5E8E54}.Release|ARM.ActiveCfg = Release|Any CPU
		{8A12C259-5B56-47AF-A21C-0E709F5E8E54}.Release|ARM.Build.0 = Release|Any CPU
		{8A12C259-5B56-47AF-A21C-0E709F5E8E54}.Release|x86.ActiveCfg = Release|Any CPU
		{8A12C259-5B56-47AF-A21C-0E709F5E8E54}.Release|x86.Build.0 = Release|Any CPU
		{028BD872-F585-4D60-9E45-E5BECE93D775}.Debug|Any CPU.ActiveCfg = Debug|Any CPU
		{028BD872-F585-4D60-9E45-E5BECE93D775}.Debug|Any CPU.Build.0 = Debug|Any CPU
		{028BD872-F585-4D60-9E45-E5BECE93D775}.Debug|ARM.ActiveCfg = Debug|Any CPU
		{028BD872-F585-4D60-9E45-E5BECE93D775}.Debug|ARM.Build.0 = Debug|Any CPU
		{028BD872-F585-4D60-9E45-E5BECE93D775}.Debug|x86.ActiveCfg = Debug|Any CPU
		{028BD872-F585-4D60-9E45-E5BECE93D775}.Debug|x86.Build.0 = Debug|Any CPU
		{028BD872-F585-4D60-9E45-E5BECE93D775}.Release|Any CPU.ActiveCfg = Release|Any CPU
		{028BD872-F585-4D60-9E45-E5BECE93D775}.Release|Any CPU.Build.0 = Debug|Any CPU
		{028BD872-F585-4D60-9E45-E5BECE93D775}.Release|ARM.ActiveCfg = Release|Any CPU
		{028BD872-F585-4D60-9E45-E5BECE93D775}.Release|ARM.Build.0 = Release|Any CPU
		{028BD872-F585-4D60-9E45-E5BECE93D775}.Release|x86.ActiveCfg = Release|Any CPU
		{028BD872-F585-4D60-9E45-E5BECE93D775}.Release|x86.Build.0 = Release|Any CPU
		{37102465-556B-49E7-8CA2-A7814E45DE36}.Debug|Any CPU.ActiveCfg = Debug|Any CPU
		{37102465-556B-49E7-8CA2-A7814E45DE36}.Debug|Any CPU.Build.0 = Debug|Any CPU
		{37102465-556B-49E7-8CA2-A7814E45DE36}.Debug|ARM.ActiveCfg = Debug|Any CPU
		{37102465-556B-49E7-8CA2-A7814E45DE36}.Debug|ARM.Build.0 = Debug|Any CPU
		{37102465-556B-49E7-8CA2-A7814E45DE36}.Debug|x86.ActiveCfg = Debug|Any CPU
		{37102465-556B-49E7-8CA2-A7814E45DE36}.Debug|x86.Build.0 = Debug|Any CPU
		{37102465-556B-49E7-8CA2-A7814E45DE36}.Release|Any CPU.ActiveCfg = Release|Any CPU
		{37102465-556B-49E7-8CA2-A7814E45DE36}.Release|Any CPU.Build.0 = Debug|Any CPU
		{37102465-556B-49E7-8CA2-A7814E45DE36}.Release|ARM.ActiveCfg = Release|Any CPU
		{37102465-556B-49E7-8CA2-A7814E45DE36}.Release|ARM.Build.0 = Release|Any CPU
		{37102465-556B-49E7-8CA2-A7814E45DE36}.Release|x86.ActiveCfg = Release|Any CPU
		{37102465-556B-49E7-8CA2-A7814E45DE36}.Release|x86.Build.0 = Release|Any CPU
		{A9940920-207F-471D-8164-13D5A4B518BA}.Debug|Any CPU.ActiveCfg = Debug|Any CPU
		{A9940920-207F-471D-8164-13D5A4B518BA}.Debug|Any CPU.Build.0 = Debug|Any CPU
		{A9940920-207F-471D-8164-13D5A4B518BA}.Debug|ARM.ActiveCfg = Debug|Any CPU
		{A9940920-207F-471D-8164-13D5A4B518BA}.Debug|ARM.Build.0 = Debug|Any CPU
		{A9940920-207F-471D-8164-13D5A4B518BA}.Debug|x86.ActiveCfg = Debug|Any CPU
		{A9940920-207F-471D-8164-13D5A4B518BA}.Debug|x86.Build.0 = Debug|Any CPU
		{A9940920-207F-471D-8164-13D5A4B518BA}.Release|Any CPU.ActiveCfg = Release|Any CPU
		{A9940920-207F-471D-8164-13D5A4B518BA}.Release|Any CPU.Build.0 = Debug|Any CPU
		{A9940920-207F-471D-8164-13D5A4B518BA}.Release|ARM.ActiveCfg = Release|Any CPU
		{A9940920-207F-471D-8164-13D5A4B518BA}.Release|ARM.Build.0 = Release|Any CPU
		{A9940920-207F-471D-8164-13D5A4B518BA}.Release|x86.ActiveCfg = Release|Any CPU
		{A9940920-207F-471D-8164-13D5A4B518BA}.Release|x86.Build.0 = Release|Any CPU
		{C3B7905B-DDE3-43AB-BF95-851B9F241728}.Debug|Any CPU.ActiveCfg = Debug|Any CPU
		{C3B7905B-DDE3-43AB-BF95-851B9F241728}.Debug|Any CPU.Build.0 = Debug|Any CPU
		{C3B7905B-DDE3-43AB-BF95-851B9F241728}.Debug|ARM.ActiveCfg = Debug|Any CPU
		{C3B7905B-DDE3-43AB-BF95-851B9F241728}.Debug|ARM.Build.0 = Debug|Any CPU
		{C3B7905B-DDE3-43AB-BF95-851B9F241728}.Debug|x86.ActiveCfg = Debug|Any CPU
		{C3B7905B-DDE3-43AB-BF95-851B9F241728}.Debug|x86.Build.0 = Debug|Any CPU
		{C3B7905B-DDE3-43AB-BF95-851B9F241728}.Release|Any CPU.ActiveCfg = Release|Any CPU
		{C3B7905B-DDE3-43AB-BF95-851B9F241728}.Release|Any CPU.Build.0 = Debug|Any CPU
		{C3B7905B-DDE3-43AB-BF95-851B9F241728}.Release|ARM.ActiveCfg = Release|Any CPU
		{C3B7905B-DDE3-43AB-BF95-851B9F241728}.Release|ARM.Build.0 = Release|Any CPU
		{C3B7905B-DDE3-43AB-BF95-851B9F241728}.Release|x86.ActiveCfg = Release|Any CPU
		{C3B7905B-DDE3-43AB-BF95-851B9F241728}.Release|x86.Build.0 = Release|Any CPU
		{53E9D500-88E1-433A-87FA-501C11E9879E}.Debug|Any CPU.ActiveCfg = Debug|Any CPU
		{53E9D500-88E1-433A-87FA-501C11E9879E}.Debug|Any CPU.Build.0 = Debug|Any CPU
		{53E9D500-88E1-433A-87FA-501C11E9879E}.Debug|ARM.ActiveCfg = Debug|Any CPU
		{53E9D500-88E1-433A-87FA-501C11E9879E}.Debug|ARM.Build.0 = Debug|Any CPU
		{53E9D500-88E1-433A-87FA-501C11E9879E}.Debug|x86.ActiveCfg = Debug|Any CPU
		{53E9D500-88E1-433A-87FA-501C11E9879E}.Debug|x86.Build.0 = Debug|Any CPU
		{53E9D500-88E1-433A-87FA-501C11E9879E}.Release|Any CPU.ActiveCfg = Release|Any CPU
		{53E9D500-88E1-433A-87FA-501C11E9879E}.Release|Any CPU.Build.0 = Debug|Any CPU
		{53E9D500-88E1-433A-87FA-501C11E9879E}.Release|ARM.ActiveCfg = Release|Any CPU
		{53E9D500-88E1-433A-87FA-501C11E9879E}.Release|ARM.Build.0 = Release|Any CPU
		{53E9D500-88E1-433A-87FA-501C11E9879E}.Release|x86.ActiveCfg = Release|Any CPU
		{53E9D500-88E1-433A-87FA-501C11E9879E}.Release|x86.Build.0 = Release|Any CPU
		{CB80E983-607D-48F9-8D2F-BDD182551EEC}.Debug|Any CPU.ActiveCfg = Debug|Any CPU
		{CB80E983-607D-48F9-8D2F-BDD182551EEC}.Debug|Any CPU.Build.0 = Debug|Any CPU
		{CB80E983-607D-48F9-8D2F-BDD182551EEC}.Debug|ARM.ActiveCfg = Debug|Any CPU
		{CB80E983-607D-48F9-8D2F-BDD182551EEC}.Debug|ARM.Build.0 = Debug|Any CPU
		{CB80E983-607D-48F9-8D2F-BDD182551EEC}.Debug|x86.ActiveCfg = Debug|Any CPU
		{CB80E983-607D-48F9-8D2F-BDD182551EEC}.Debug|x86.Build.0 = Debug|Any CPU
		{CB80E983-607D-48F9-8D2F-BDD182551EEC}.Release|Any CPU.ActiveCfg = Release|Any CPU
		{CB80E983-607D-48F9-8D2F-BDD182551EEC}.Release|Any CPU.Build.0 = Debug|Any CPU
		{CB80E983-607D-48F9-8D2F-BDD182551EEC}.Release|ARM.ActiveCfg = Release|Any CPU
		{CB80E983-607D-48F9-8D2F-BDD182551EEC}.Release|ARM.Build.0 = Release|Any CPU
		{CB80E983-607D-48F9-8D2F-BDD182551EEC}.Release|x86.ActiveCfg = Release|Any CPU
		{CB80E983-607D-48F9-8D2F-BDD182551EEC}.Release|x86.Build.0 = Release|Any CPU
		{90F719D6-AC27-4F7C-A42B-723601155B53}.Debug|Any CPU.ActiveCfg = Debug|Any CPU
		{90F719D6-AC27-4F7C-A42B-723601155B53}.Debug|Any CPU.Build.0 = Debug|Any CPU
		{90F719D6-AC27-4F7C-A42B-723601155B53}.Debug|ARM.ActiveCfg = Debug|Any CPU
		{90F719D6-AC27-4F7C-A42B-723601155B53}.Debug|ARM.Build.0 = Debug|Any CPU
		{90F719D6-AC27-4F7C-A42B-723601155B53}.Debug|x86.ActiveCfg = Debug|Any CPU
		{90F719D6-AC27-4F7C-A42B-723601155B53}.Debug|x86.Build.0 = Debug|Any CPU
		{90F719D6-AC27-4F7C-A42B-723601155B53}.Release|Any CPU.ActiveCfg = Release|Any CPU
		{90F719D6-AC27-4F7C-A42B-723601155B53}.Release|Any CPU.Build.0 = Debug|Any CPU
		{90F719D6-AC27-4F7C-A42B-723601155B53}.Release|ARM.ActiveCfg = Release|Any CPU
		{90F719D6-AC27-4F7C-A42B-723601155B53}.Release|ARM.Build.0 = Release|Any CPU
		{90F719D6-AC27-4F7C-A42B-723601155B53}.Release|x86.ActiveCfg = Release|Any CPU
		{90F719D6-AC27-4F7C-A42B-723601155B53}.Release|x86.Build.0 = Release|Any CPU
		{6D25AA30-C3AF-4AE0-B567-0F2653120CDC}.Debug|Any CPU.ActiveCfg = Debug|Any CPU
		{6D25AA30-C3AF-4AE0-B567-0F2653120CDC}.Debug|Any CPU.Build.0 = Debug|Any CPU
		{6D25AA30-C3AF-4AE0-B567-0F2653120CDC}.Debug|ARM.ActiveCfg = Debug|Any CPU
		{6D25AA30-C3AF-4AE0-B567-0F2653120CDC}.Debug|ARM.Build.0 = Debug|Any CPU
		{6D25AA30-C3AF-4AE0-B567-0F2653120CDC}.Debug|x86.ActiveCfg = Debug|Any CPU
		{6D25AA30-C3AF-4AE0-B567-0F2653120CDC}.Debug|x86.Build.0 = Debug|Any CPU
		{6D25AA30-C3AF-4AE0-B567-0F2653120CDC}.Release|Any CPU.ActiveCfg = Release|Any CPU
		{6D25AA30-C3AF-4AE0-B567-0F2653120CDC}.Release|Any CPU.Build.0 = Debug|Any CPU
		{6D25AA30-C3AF-4AE0-B567-0F2653120CDC}.Release|ARM.ActiveCfg = Release|Any CPU
		{6D25AA30-C3AF-4AE0-B567-0F2653120CDC}.Release|ARM.Build.0 = Release|Any CPU
		{6D25AA30-C3AF-4AE0-B567-0F2653120CDC}.Release|x86.ActiveCfg = Release|Any CPU
		{6D25AA30-C3AF-4AE0-B567-0F2653120CDC}.Release|x86.Build.0 = Release|Any CPU
		{51D5F233-02F2-45F7-B4F2-60D18EF3DEC5}.Debug|Any CPU.ActiveCfg = Debug|Any CPU
		{51D5F233-02F2-45F7-B4F2-60D18EF3DEC5}.Debug|Any CPU.Build.0 = Debug|Any CPU
		{51D5F233-02F2-45F7-B4F2-60D18EF3DEC5}.Debug|ARM.ActiveCfg = Debug|Any CPU
		{51D5F233-02F2-45F7-B4F2-60D18EF3DEC5}.Debug|ARM.Build.0 = Debug|Any CPU
		{51D5F233-02F2-45F7-B4F2-60D18EF3DEC5}.Debug|x86.ActiveCfg = Debug|Any CPU
		{51D5F233-02F2-45F7-B4F2-60D18EF3DEC5}.Debug|x86.Build.0 = Debug|Any CPU
		{51D5F233-02F2-45F7-B4F2-60D18EF3DEC5}.Release|Any CPU.ActiveCfg = Release|Any CPU
		{51D5F233-02F2-45F7-B4F2-60D18EF3DEC5}.Release|Any CPU.Build.0 = Debug|Any CPU
		{51D5F233-02F2-45F7-B4F2-60D18EF3DEC5}.Release|ARM.ActiveCfg = Release|Any CPU
		{51D5F233-02F2-45F7-B4F2-60D18EF3DEC5}.Release|ARM.Build.0 = Release|Any CPU
		{51D5F233-02F2-45F7-B4F2-60D18EF3DEC5}.Release|x86.ActiveCfg = Release|Any CPU
		{51D5F233-02F2-45F7-B4F2-60D18EF3DEC5}.Release|x86.Build.0 = Release|Any CPU
		{BA8C8C0B-470A-4D3C-B3DA-9E28599799B5}.Debug|Any CPU.ActiveCfg = Debug|Any CPU
		{BA8C8C0B-470A-4D3C-B3DA-9E28599799B5}.Debug|Any CPU.Build.0 = Debug|Any CPU
		{BA8C8C0B-470A-4D3C-B3DA-9E28599799B5}.Debug|ARM.ActiveCfg = Debug|Any CPU
		{BA8C8C0B-470A-4D3C-B3DA-9E28599799B5}.Debug|ARM.Build.0 = Debug|Any CPU
		{BA8C8C0B-470A-4D3C-B3DA-9E28599799B5}.Debug|x86.ActiveCfg = Debug|Any CPU
		{BA8C8C0B-470A-4D3C-B3DA-9E28599799B5}.Debug|x86.Build.0 = Debug|Any CPU
		{BA8C8C0B-470A-4D3C-B3DA-9E28599799B5}.Release|Any CPU.ActiveCfg = Release|Any CPU
		{BA8C8C0B-470A-4D3C-B3DA-9E28599799B5}.Release|Any CPU.Build.0 = Debug|Any CPU
		{BA8C8C0B-470A-4D3C-B3DA-9E28599799B5}.Release|ARM.ActiveCfg = Release|Any CPU
		{BA8C8C0B-470A-4D3C-B3DA-9E28599799B5}.Release|ARM.Build.0 = Release|Any CPU
		{BA8C8C0B-470A-4D3C-B3DA-9E28599799B5}.Release|x86.ActiveCfg = Release|Any CPU
		{BA8C8C0B-470A-4D3C-B3DA-9E28599799B5}.Release|x86.Build.0 = Release|Any CPU
		{525678C4-FDC1-4A5D-9D8A-D7E78309335F}.Debug|Any CPU.ActiveCfg = Debug|Any CPU
		{525678C4-FDC1-4A5D-9D8A-D7E78309335F}.Debug|Any CPU.Build.0 = Debug|Any CPU
		{525678C4-FDC1-4A5D-9D8A-D7E78309335F}.Debug|ARM.ActiveCfg = Debug|Any CPU
		{525678C4-FDC1-4A5D-9D8A-D7E78309335F}.Debug|ARM.Build.0 = Debug|Any CPU
		{525678C4-FDC1-4A5D-9D8A-D7E78309335F}.Debug|x86.ActiveCfg = Debug|Any CPU
		{525678C4-FDC1-4A5D-9D8A-D7E78309335F}.Debug|x86.Build.0 = Debug|Any CPU
		{525678C4-FDC1-4A5D-9D8A-D7E78309335F}.Release|Any CPU.ActiveCfg = Release|Any CPU
		{525678C4-FDC1-4A5D-9D8A-D7E78309335F}.Release|Any CPU.Build.0 = Debug|Any CPU
		{525678C4-FDC1-4A5D-9D8A-D7E78309335F}.Release|ARM.ActiveCfg = Release|Any CPU
		{525678C4-FDC1-4A5D-9D8A-D7E78309335F}.Release|ARM.Build.0 = Release|Any CPU
		{525678C4-FDC1-4A5D-9D8A-D7E78309335F}.Release|x86.ActiveCfg = Release|Any CPU
		{525678C4-FDC1-4A5D-9D8A-D7E78309335F}.Release|x86.Build.0 = Release|Any CPU
		{F85A14D5-64E0-4CFC-88DA-27FE9D0DD664}.Debug|Any CPU.ActiveCfg = Debug|Any CPU
		{F85A14D5-64E0-4CFC-88DA-27FE9D0DD664}.Debug|Any CPU.Build.0 = Debug|Any CPU
		{F85A14D5-64E0-4CFC-88DA-27FE9D0DD664}.Debug|ARM.ActiveCfg = Debug|Any CPU
		{F85A14D5-64E0-4CFC-88DA-27FE9D0DD664}.Debug|ARM.Build.0 = Debug|Any CPU
		{F85A14D5-64E0-4CFC-88DA-27FE9D0DD664}.Debug|x86.ActiveCfg = Debug|Any CPU
		{F85A14D5-64E0-4CFC-88DA-27FE9D0DD664}.Debug|x86.Build.0 = Debug|Any CPU
		{F85A14D5-64E0-4CFC-88DA-27FE9D0DD664}.Release|Any CPU.ActiveCfg = Release|Any CPU
		{F85A14D5-64E0-4CFC-88DA-27FE9D0DD664}.Release|Any CPU.Build.0 = Debug|Any CPU
		{F85A14D5-64E0-4CFC-88DA-27FE9D0DD664}.Release|ARM.ActiveCfg = Release|Any CPU
		{F85A14D5-64E0-4CFC-88DA-27FE9D0DD664}.Release|ARM.Build.0 = Release|Any CPU
		{F85A14D5-64E0-4CFC-88DA-27FE9D0DD664}.Release|x86.ActiveCfg = Release|Any CPU
		{F85A14D5-64E0-4CFC-88DA-27FE9D0DD664}.Release|x86.Build.0 = Release|Any CPU
		{C3A270DE-9727-492E-91E2-F56E7E0E0F83}.Debug|Any CPU.ActiveCfg = Debug|Any CPU
		{C3A270DE-9727-492E-91E2-F56E7E0E0F83}.Debug|Any CPU.Build.0 = Debug|Any CPU
		{C3A270DE-9727-492E-91E2-F56E7E0E0F83}.Debug|ARM.ActiveCfg = Debug|Any CPU
		{C3A270DE-9727-492E-91E2-F56E7E0E0F83}.Debug|ARM.Build.0 = Debug|Any CPU
		{C3A270DE-9727-492E-91E2-F56E7E0E0F83}.Debug|x86.ActiveCfg = Debug|Any CPU
		{C3A270DE-9727-492E-91E2-F56E7E0E0F83}.Debug|x86.Build.0 = Debug|Any CPU
		{C3A270DE-9727-492E-91E2-F56E7E0E0F83}.Release|Any CPU.ActiveCfg = Release|Any CPU
		{C3A270DE-9727-492E-91E2-F56E7E0E0F83}.Release|Any CPU.Build.0 = Debug|Any CPU
		{C3A270DE-9727-492E-91E2-F56E7E0E0F83}.Release|ARM.ActiveCfg = Release|Any CPU
		{C3A270DE-9727-492E-91E2-F56E7E0E0F83}.Release|ARM.Build.0 = Release|Any CPU
		{C3A270DE-9727-492E-91E2-F56E7E0E0F83}.Release|x86.ActiveCfg = Release|Any CPU
		{C3A270DE-9727-492E-91E2-F56E7E0E0F83}.Release|x86.Build.0 = Release|Any CPU
		{7D1B22F8-06A2-4D09-A3AD-D93A09A01815}.Debug|Any CPU.ActiveCfg = Debug|Any CPU
		{7D1B22F8-06A2-4D09-A3AD-D93A09A01815}.Debug|Any CPU.Build.0 = Debug|Any CPU
		{7D1B22F8-06A2-4D09-A3AD-D93A09A01815}.Debug|ARM.ActiveCfg = Debug|Any CPU
		{7D1B22F8-06A2-4D09-A3AD-D93A09A01815}.Debug|ARM.Build.0 = Debug|Any CPU
		{7D1B22F8-06A2-4D09-A3AD-D93A09A01815}.Debug|x86.ActiveCfg = Debug|Any CPU
		{7D1B22F8-06A2-4D09-A3AD-D93A09A01815}.Debug|x86.Build.0 = Debug|Any CPU
		{7D1B22F8-06A2-4D09-A3AD-D93A09A01815}.Release|Any CPU.ActiveCfg = Release|Any CPU
		{7D1B22F8-06A2-4D09-A3AD-D93A09A01815}.Release|Any CPU.Build.0 = Debug|Any CPU
		{7D1B22F8-06A2-4D09-A3AD-D93A09A01815}.Release|ARM.ActiveCfg = Release|Any CPU
		{7D1B22F8-06A2-4D09-A3AD-D93A09A01815}.Release|ARM.Build.0 = Release|Any CPU
		{7D1B22F8-06A2-4D09-A3AD-D93A09A01815}.Release|x86.ActiveCfg = Release|Any CPU
		{7D1B22F8-06A2-4D09-A3AD-D93A09A01815}.Release|x86.Build.0 = Release|Any CPU
		{E45A004F-FBEF-445C-9607-FBC89D6D4590}.Debug|Any CPU.ActiveCfg = Debug|Any CPU
		{E45A004F-FBEF-445C-9607-FBC89D6D4590}.Debug|Any CPU.Build.0 = Debug|Any CPU
		{E45A004F-FBEF-445C-9607-FBC89D6D4590}.Debug|ARM.ActiveCfg = Debug|Any CPU
		{E45A004F-FBEF-445C-9607-FBC89D6D4590}.Debug|ARM.Build.0 = Debug|Any CPU
		{E45A004F-FBEF-445C-9607-FBC89D6D4590}.Debug|x86.ActiveCfg = Debug|Any CPU
		{E45A004F-FBEF-445C-9607-FBC89D6D4590}.Debug|x86.Build.0 = Debug|Any CPU
		{E45A004F-FBEF-445C-9607-FBC89D6D4590}.Release|Any CPU.ActiveCfg = Release|Any CPU
		{E45A004F-FBEF-445C-9607-FBC89D6D4590}.Release|Any CPU.Build.0 = Debug|Any CPU
		{E45A004F-FBEF-445C-9607-FBC89D6D4590}.Release|ARM.ActiveCfg = Release|Any CPU
		{E45A004F-FBEF-445C-9607-FBC89D6D4590}.Release|ARM.Build.0 = Release|Any CPU
		{E45A004F-FBEF-445C-9607-FBC89D6D4590}.Release|x86.ActiveCfg = Release|Any CPU
		{E45A004F-FBEF-445C-9607-FBC89D6D4590}.Release|x86.Build.0 = Release|Any CPU
		{C72B898B-B53B-42D5-9F4F-673F84BB485B}.Debug|Any CPU.ActiveCfg = Debug|Any CPU
		{C72B898B-B53B-42D5-9F4F-673F84BB485B}.Debug|Any CPU.Build.0 = Debug|Any CPU
		{C72B898B-B53B-42D5-9F4F-673F84BB485B}.Debug|ARM.ActiveCfg = Debug|Any CPU
		{C72B898B-B53B-42D5-9F4F-673F84BB485B}.Debug|ARM.Build.0 = Debug|Any CPU
		{C72B898B-B53B-42D5-9F4F-673F84BB485B}.Debug|x86.ActiveCfg = Debug|Any CPU
		{C72B898B-B53B-42D5-9F4F-673F84BB485B}.Debug|x86.Build.0 = Debug|Any CPU
		{C72B898B-B53B-42D5-9F4F-673F84BB485B}.Release|Any CPU.ActiveCfg = Release|Any CPU
		{C72B898B-B53B-42D5-9F4F-673F84BB485B}.Release|Any CPU.Build.0 = Debug|Any CPU
		{C72B898B-B53B-42D5-9F4F-673F84BB485B}.Release|ARM.ActiveCfg = Release|Any CPU
		{C72B898B-B53B-42D5-9F4F-673F84BB485B}.Release|ARM.Build.0 = Release|Any CPU
		{C72B898B-B53B-42D5-9F4F-673F84BB485B}.Release|x86.ActiveCfg = Release|Any CPU
		{C72B898B-B53B-42D5-9F4F-673F84BB485B}.Release|x86.Build.0 = Release|Any CPU
		{3EF91DC7-12C9-47F3-BB18-AD3D85D1B624}.Debug|Any CPU.ActiveCfg = Debug|Any CPU
		{3EF91DC7-12C9-47F3-BB18-AD3D85D1B624}.Debug|Any CPU.Build.0 = Debug|Any CPU
		{3EF91DC7-12C9-47F3-BB18-AD3D85D1B624}.Debug|ARM.ActiveCfg = Debug|Any CPU
		{3EF91DC7-12C9-47F3-BB18-AD3D85D1B624}.Debug|ARM.Build.0 = Debug|Any CPU
		{3EF91DC7-12C9-47F3-BB18-AD3D85D1B624}.Debug|x86.ActiveCfg = Debug|Any CPU
		{3EF91DC7-12C9-47F3-BB18-AD3D85D1B624}.Debug|x86.Build.0 = Debug|Any CPU
		{3EF91DC7-12C9-47F3-BB18-AD3D85D1B624}.Release|Any CPU.ActiveCfg = Release|Any CPU
		{3EF91DC7-12C9-47F3-BB18-AD3D85D1B624}.Release|Any CPU.Build.0 = Debug|Any CPU
		{3EF91DC7-12C9-47F3-BB18-AD3D85D1B624}.Release|ARM.ActiveCfg = Release|Any CPU
		{3EF91DC7-12C9-47F3-BB18-AD3D85D1B624}.Release|ARM.Build.0 = Release|Any CPU
		{3EF91DC7-12C9-47F3-BB18-AD3D85D1B624}.Release|x86.ActiveCfg = Release|Any CPU
		{3EF91DC7-12C9-47F3-BB18-AD3D85D1B624}.Release|x86.Build.0 = Release|Any CPU
		{33C271B9-0A43-408A-8C6A-B1A43ED065A7}.Debug|Any CPU.ActiveCfg = Debug|Any CPU
		{33C271B9-0A43-408A-8C6A-B1A43ED065A7}.Debug|Any CPU.Build.0 = Debug|Any CPU
		{33C271B9-0A43-408A-8C6A-B1A43ED065A7}.Debug|ARM.ActiveCfg = Debug|Any CPU
		{33C271B9-0A43-408A-8C6A-B1A43ED065A7}.Debug|ARM.Build.0 = Debug|Any CPU
		{33C271B9-0A43-408A-8C6A-B1A43ED065A7}.Debug|x86.ActiveCfg = Debug|Any CPU
		{33C271B9-0A43-408A-8C6A-B1A43ED065A7}.Debug|x86.Build.0 = Debug|Any CPU
		{33C271B9-0A43-408A-8C6A-B1A43ED065A7}.Release|Any CPU.ActiveCfg = Release|Any CPU
		{33C271B9-0A43-408A-8C6A-B1A43ED065A7}.Release|Any CPU.Build.0 = Debug|Any CPU
		{33C271B9-0A43-408A-8C6A-B1A43ED065A7}.Release|ARM.ActiveCfg = Release|Any CPU
		{33C271B9-0A43-408A-8C6A-B1A43ED065A7}.Release|ARM.Build.0 = Release|Any CPU
		{33C271B9-0A43-408A-8C6A-B1A43ED065A7}.Release|x86.ActiveCfg = Release|Any CPU
		{33C271B9-0A43-408A-8C6A-B1A43ED065A7}.Release|x86.Build.0 = Release|Any CPU
		{3AC70E9C-5E33-44AF-8319-2E4F68DA86CB}.Debug|Any CPU.ActiveCfg = Debug|Any CPU
		{3AC70E9C-5E33-44AF-8319-2E4F68DA86CB}.Debug|Any CPU.Build.0 = Debug|Any CPU
		{3AC70E9C-5E33-44AF-8319-2E4F68DA86CB}.Debug|ARM.ActiveCfg = Debug|Any CPU
		{3AC70E9C-5E33-44AF-8319-2E4F68DA86CB}.Debug|ARM.Build.0 = Debug|Any CPU
		{3AC70E9C-5E33-44AF-8319-2E4F68DA86CB}.Debug|x86.ActiveCfg = Debug|Any CPU
		{3AC70E9C-5E33-44AF-8319-2E4F68DA86CB}.Debug|x86.Build.0 = Debug|Any CPU
		{3AC70E9C-5E33-44AF-8319-2E4F68DA86CB}.Release|Any CPU.ActiveCfg = Release|Any CPU
		{3AC70E9C-5E33-44AF-8319-2E4F68DA86CB}.Release|Any CPU.Build.0 = Debug|Any CPU
		{3AC70E9C-5E33-44AF-8319-2E4F68DA86CB}.Release|ARM.ActiveCfg = Release|Any CPU
		{3AC70E9C-5E33-44AF-8319-2E4F68DA86CB}.Release|ARM.Build.0 = Release|Any CPU
		{3AC70E9C-5E33-44AF-8319-2E4F68DA86CB}.Release|x86.ActiveCfg = Release|Any CPU
		{3AC70E9C-5E33-44AF-8319-2E4F68DA86CB}.Release|x86.Build.0 = Release|Any CPU
		{950B9CDB-9286-4A1A-8D88-1DF6954A45E3}.Debug|Any CPU.ActiveCfg = Debug|Any CPU
		{950B9CDB-9286-4A1A-8D88-1DF6954A45E3}.Debug|Any CPU.Build.0 = Debug|Any CPU
		{950B9CDB-9286-4A1A-8D88-1DF6954A45E3}.Debug|ARM.ActiveCfg = Debug|Any CPU
		{950B9CDB-9286-4A1A-8D88-1DF6954A45E3}.Debug|ARM.Build.0 = Debug|Any CPU
		{950B9CDB-9286-4A1A-8D88-1DF6954A45E3}.Debug|x86.ActiveCfg = Debug|Any CPU
		{950B9CDB-9286-4A1A-8D88-1DF6954A45E3}.Debug|x86.Build.0 = Debug|Any CPU
		{950B9CDB-9286-4A1A-8D88-1DF6954A45E3}.Release|Any CPU.ActiveCfg = Release|Any CPU
		{950B9CDB-9286-4A1A-8D88-1DF6954A45E3}.Release|Any CPU.Build.0 = Debug|Any CPU
		{950B9CDB-9286-4A1A-8D88-1DF6954A45E3}.Release|ARM.ActiveCfg = Release|Any CPU
		{950B9CDB-9286-4A1A-8D88-1DF6954A45E3}.Release|ARM.Build.0 = Release|Any CPU
		{950B9CDB-9286-4A1A-8D88-1DF6954A45E3}.Release|x86.ActiveCfg = Release|Any CPU
		{950B9CDB-9286-4A1A-8D88-1DF6954A45E3}.Release|x86.Build.0 = Release|Any CPU
		{5937761D-D25B-4C6F-A5E8-FCBFA258BB4A}.Debug|Any CPU.ActiveCfg = Debug|Any CPU
		{5937761D-D25B-4C6F-A5E8-FCBFA258BB4A}.Debug|Any CPU.Build.0 = Debug|Any CPU
		{5937761D-D25B-4C6F-A5E8-FCBFA258BB4A}.Debug|ARM.ActiveCfg = Debug|Any CPU
		{5937761D-D25B-4C6F-A5E8-FCBFA258BB4A}.Debug|ARM.Build.0 = Debug|Any CPU
		{5937761D-D25B-4C6F-A5E8-FCBFA258BB4A}.Debug|x86.ActiveCfg = Debug|Any CPU
		{5937761D-D25B-4C6F-A5E8-FCBFA258BB4A}.Debug|x86.Build.0 = Debug|Any CPU
		{5937761D-D25B-4C6F-A5E8-FCBFA258BB4A}.Release|Any CPU.ActiveCfg = Release|Any CPU
		{5937761D-D25B-4C6F-A5E8-FCBFA258BB4A}.Release|Any CPU.Build.0 = Debug|Any CPU
		{5937761D-D25B-4C6F-A5E8-FCBFA258BB4A}.Release|ARM.ActiveCfg = Release|Any CPU
		{5937761D-D25B-4C6F-A5E8-FCBFA258BB4A}.Release|ARM.Build.0 = Release|Any CPU
		{5937761D-D25B-4C6F-A5E8-FCBFA258BB4A}.Release|x86.ActiveCfg = Release|Any CPU
		{5937761D-D25B-4C6F-A5E8-FCBFA258BB4A}.Release|x86.Build.0 = Release|Any CPU
		{E5302713-0022-4657-85D8-9620818071DF}.Debug|Any CPU.ActiveCfg = Debug|Any CPU
		{E5302713-0022-4657-85D8-9620818071DF}.Debug|Any CPU.Build.0 = Debug|Any CPU
		{E5302713-0022-4657-85D8-9620818071DF}.Debug|ARM.ActiveCfg = Debug|Any CPU
		{E5302713-0022-4657-85D8-9620818071DF}.Debug|ARM.Build.0 = Debug|Any CPU
		{E5302713-0022-4657-85D8-9620818071DF}.Debug|x86.ActiveCfg = Debug|Any CPU
		{E5302713-0022-4657-85D8-9620818071DF}.Debug|x86.Build.0 = Debug|Any CPU
		{E5302713-0022-4657-85D8-9620818071DF}.Release|Any CPU.ActiveCfg = Release|Any CPU
		{E5302713-0022-4657-85D8-9620818071DF}.Release|Any CPU.Build.0 = Debug|Any CPU
		{E5302713-0022-4657-85D8-9620818071DF}.Release|ARM.ActiveCfg = Release|Any CPU
		{E5302713-0022-4657-85D8-9620818071DF}.Release|ARM.Build.0 = Release|Any CPU
		{E5302713-0022-4657-85D8-9620818071DF}.Release|x86.ActiveCfg = Release|Any CPU
		{E5302713-0022-4657-85D8-9620818071DF}.Release|x86.Build.0 = Release|Any CPU
		{ADA3B560-C0B9-42D0-92FF-A76462E8D524}.Debug|Any CPU.ActiveCfg = Debug|Any CPU
		{ADA3B560-C0B9-42D0-92FF-A76462E8D524}.Debug|Any CPU.Build.0 = Debug|Any CPU
		{ADA3B560-C0B9-42D0-92FF-A76462E8D524}.Debug|ARM.ActiveCfg = Debug|Any CPU
		{ADA3B560-C0B9-42D0-92FF-A76462E8D524}.Debug|ARM.Build.0 = Debug|Any CPU
		{ADA3B560-C0B9-42D0-92FF-A76462E8D524}.Debug|x86.ActiveCfg = Debug|Any CPU
		{ADA3B560-C0B9-42D0-92FF-A76462E8D524}.Debug|x86.Build.0 = Debug|Any CPU
		{ADA3B560-C0B9-42D0-92FF-A76462E8D524}.Release|Any CPU.ActiveCfg = Release|Any CPU
		{ADA3B560-C0B9-42D0-92FF-A76462E8D524}.Release|Any CPU.Build.0 = Debug|Any CPU
		{ADA3B560-C0B9-42D0-92FF-A76462E8D524}.Release|ARM.ActiveCfg = Release|Any CPU
		{ADA3B560-C0B9-42D0-92FF-A76462E8D524}.Release|ARM.Build.0 = Release|Any CPU
		{ADA3B560-C0B9-42D0-92FF-A76462E8D524}.Release|x86.ActiveCfg = Release|Any CPU
		{ADA3B560-C0B9-42D0-92FF-A76462E8D524}.Release|x86.Build.0 = Release|Any CPU
		{6C51BF0B-42F0-4670-9F20-A47BB0EA8866}.Debug|Any CPU.ActiveCfg = Debug|Any CPU
		{6C51BF0B-42F0-4670-9F20-A47BB0EA8866}.Debug|Any CPU.Build.0 = Debug|Any CPU
		{6C51BF0B-42F0-4670-9F20-A47BB0EA8866}.Debug|ARM.ActiveCfg = Debug|Any CPU
		{6C51BF0B-42F0-4670-9F20-A47BB0EA8866}.Debug|ARM.Build.0 = Debug|Any CPU
		{6C51BF0B-42F0-4670-9F20-A47BB0EA8866}.Debug|ARM.Deploy.0 = Debug|Any CPU
		{6C51BF0B-42F0-4670-9F20-A47BB0EA8866}.Debug|x86.ActiveCfg = Debug|Any CPU
		{6C51BF0B-42F0-4670-9F20-A47BB0EA8866}.Debug|x86.Build.0 = Debug|Any CPU
		{6C51BF0B-42F0-4670-9F20-A47BB0EA8866}.Debug|x86.Deploy.0 = Debug|Any CPU
		{6C51BF0B-42F0-4670-9F20-A47BB0EA8866}.Release|Any CPU.ActiveCfg = Release|Any CPU
		{6C51BF0B-42F0-4670-9F20-A47BB0EA8866}.Release|Any CPU.Build.0 = Debug|Any CPU
		{6C51BF0B-42F0-4670-9F20-A47BB0EA8866}.Release|ARM.ActiveCfg = Release|Any CPU
		{6C51BF0B-42F0-4670-9F20-A47BB0EA8866}.Release|ARM.Build.0 = Release|Any CPU
		{6C51BF0B-42F0-4670-9F20-A47BB0EA8866}.Release|ARM.Deploy.0 = Release|Any CPU
		{6C51BF0B-42F0-4670-9F20-A47BB0EA8866}.Release|x86.ActiveCfg = Release|Any CPU
		{6C51BF0B-42F0-4670-9F20-A47BB0EA8866}.Release|x86.Build.0 = Release|Any CPU
		{6C51BF0B-42F0-4670-9F20-A47BB0EA8866}.Release|x86.Deploy.0 = Release|Any CPU
		{794EA58E-D8EE-422C-B6FB-D9965E175AA3}.Debug|Any CPU.ActiveCfg = Debug|Any CPU
		{794EA58E-D8EE-422C-B6FB-D9965E175AA3}.Debug|Any CPU.Build.0 = Debug|Any CPU
		{794EA58E-D8EE-422C-B6FB-D9965E175AA3}.Debug|ARM.ActiveCfg = Debug|Any CPU
		{794EA58E-D8EE-422C-B6FB-D9965E175AA3}.Debug|ARM.Build.0 = Debug|Any CPU
		{794EA58E-D8EE-422C-B6FB-D9965E175AA3}.Debug|x86.ActiveCfg = Debug|Any CPU
		{794EA58E-D8EE-422C-B6FB-D9965E175AA3}.Debug|x86.Build.0 = Debug|Any CPU
		{794EA58E-D8EE-422C-B6FB-D9965E175AA3}.Release|Any CPU.ActiveCfg = Release|Any CPU
		{794EA58E-D8EE-422C-B6FB-D9965E175AA3}.Release|Any CPU.Build.0 = Debug|Any CPU
		{794EA58E-D8EE-422C-B6FB-D9965E175AA3}.Release|ARM.ActiveCfg = Release|Any CPU
		{794EA58E-D8EE-422C-B6FB-D9965E175AA3}.Release|ARM.Build.0 = Release|Any CPU
		{794EA58E-D8EE-422C-B6FB-D9965E175AA3}.Release|x86.ActiveCfg = Release|Any CPU
		{794EA58E-D8EE-422C-B6FB-D9965E175AA3}.Release|x86.Build.0 = Release|Any CPU
		{23BF8E7C-DF8C-43F2-9153-53DE5EE23C86}.Debug|Any CPU.ActiveCfg = Debug|Any CPU
		{23BF8E7C-DF8C-43F2-9153-53DE5EE23C86}.Debug|Any CPU.Build.0 = Debug|Any CPU
		{23BF8E7C-DF8C-43F2-9153-53DE5EE23C86}.Debug|ARM.ActiveCfg = Debug|Any CPU
		{23BF8E7C-DF8C-43F2-9153-53DE5EE23C86}.Debug|ARM.Build.0 = Debug|Any CPU
		{23BF8E7C-DF8C-43F2-9153-53DE5EE23C86}.Debug|x86.ActiveCfg = Debug|Any CPU
		{23BF8E7C-DF8C-43F2-9153-53DE5EE23C86}.Debug|x86.Build.0 = Debug|Any CPU
		{23BF8E7C-DF8C-43F2-9153-53DE5EE23C86}.Release|Any CPU.ActiveCfg = Release|Any CPU
		{23BF8E7C-DF8C-43F2-9153-53DE5EE23C86}.Release|Any CPU.Build.0 = Debug|Any CPU
		{23BF8E7C-DF8C-43F2-9153-53DE5EE23C86}.Release|ARM.ActiveCfg = Release|Any CPU
		{23BF8E7C-DF8C-43F2-9153-53DE5EE23C86}.Release|ARM.Build.0 = Release|Any CPU
		{23BF8E7C-DF8C-43F2-9153-53DE5EE23C86}.Release|x86.ActiveCfg = Release|Any CPU
		{23BF8E7C-DF8C-43F2-9153-53DE5EE23C86}.Release|x86.Build.0 = Release|Any CPU
		{1A018476-EFB6-485D-9DBC-3EA5EA955EEE}.Debug|Any CPU.ActiveCfg = Debug|Any CPU
		{1A018476-EFB6-485D-9DBC-3EA5EA955EEE}.Debug|Any CPU.Build.0 = Debug|Any CPU
		{1A018476-EFB6-485D-9DBC-3EA5EA955EEE}.Debug|ARM.ActiveCfg = Debug|Any CPU
		{1A018476-EFB6-485D-9DBC-3EA5EA955EEE}.Debug|ARM.Build.0 = Debug|Any CPU
		{1A018476-EFB6-485D-9DBC-3EA5EA955EEE}.Debug|x86.ActiveCfg = Debug|Any CPU
		{1A018476-EFB6-485D-9DBC-3EA5EA955EEE}.Debug|x86.Build.0 = Debug|Any CPU
		{1A018476-EFB6-485D-9DBC-3EA5EA955EEE}.Release|Any CPU.ActiveCfg = Release|Any CPU
		{1A018476-EFB6-485D-9DBC-3EA5EA955EEE}.Release|Any CPU.Build.0 = Debug|Any CPU
		{1A018476-EFB6-485D-9DBC-3EA5EA955EEE}.Release|ARM.ActiveCfg = Release|Any CPU
		{1A018476-EFB6-485D-9DBC-3EA5EA955EEE}.Release|ARM.Build.0 = Release|Any CPU
		{1A018476-EFB6-485D-9DBC-3EA5EA955EEE}.Release|x86.ActiveCfg = Release|Any CPU
		{1A018476-EFB6-485D-9DBC-3EA5EA955EEE}.Release|x86.Build.0 = Release|Any CPU
		{C6ACBA0B-695E-4B58-822E-4F6D33D3C757}.Debug|Any CPU.ActiveCfg = Debug|Any CPU
		{C6ACBA0B-695E-4B58-822E-4F6D33D3C757}.Debug|Any CPU.Build.0 = Debug|Any CPU
		{C6ACBA0B-695E-4B58-822E-4F6D33D3C757}.Debug|ARM.ActiveCfg = Debug|Any CPU
		{C6ACBA0B-695E-4B58-822E-4F6D33D3C757}.Debug|ARM.Build.0 = Debug|Any CPU
		{C6ACBA0B-695E-4B58-822E-4F6D33D3C757}.Debug|x86.ActiveCfg = Debug|Any CPU
		{C6ACBA0B-695E-4B58-822E-4F6D33D3C757}.Debug|x86.Build.0 = Debug|Any CPU
		{C6ACBA0B-695E-4B58-822E-4F6D33D3C757}.Release|Any CPU.ActiveCfg = Release|Any CPU
		{C6ACBA0B-695E-4B58-822E-4F6D33D3C757}.Release|Any CPU.Build.0 = Release|Any CPU
		{C6ACBA0B-695E-4B58-822E-4F6D33D3C757}.Release|ARM.ActiveCfg = Release|Any CPU
		{C6ACBA0B-695E-4B58-822E-4F6D33D3C757}.Release|ARM.Build.0 = Release|Any CPU
		{C6ACBA0B-695E-4B58-822E-4F6D33D3C757}.Release|x86.ActiveCfg = Release|Any CPU
		{C6ACBA0B-695E-4B58-822E-4F6D33D3C757}.Release|x86.Build.0 = Release|Any CPU
	EndGlobalSection
	GlobalSection(SolutionProperties) = preSolution
		HideSolutionNode = FALSE
	EndGlobalSection
	GlobalSection(NestedProjects) = preSolution
		{4A899A4E-8944-462C-8C4B-EA1C8313C5DD} = {D4CC7180-CA92-4764-8030-15071B2B7D24}
		{A895C92C-862C-4BE8-8753-F42FCFD19E7C} = {4A899A4E-8944-462C-8C4B-EA1C8313C5DD}
		{F8B517AE-8E54-4429-84E4-5CB2EF533559} = {4A899A4E-8944-462C-8C4B-EA1C8313C5DD}
		{4A61B777-EFD3-4DC3-9570-5A5D1A043BC8} = {4A899A4E-8944-462C-8C4B-EA1C8313C5DD}
		{CF0693B4-488E-404B-9AEA-AD541B6A11C0} = {4A899A4E-8944-462C-8C4B-EA1C8313C5DD}
		{5B66AF71-8589-43B2-9930-46107EEE91B4} = {4A899A4E-8944-462C-8C4B-EA1C8313C5DD}
		{CE18C759-C5E5-4737-BB1A-F91A58E9E4C5} = {4A899A4E-8944-462C-8C4B-EA1C8313C5DD}
		{4604688A-7FD8-411F-BC04-0AB0D46E0135} = {4A899A4E-8944-462C-8C4B-EA1C8313C5DD}
		{14ACE153-7EED-4F0B-A4E0-9F593A6D52D2} = {4A899A4E-8944-462C-8C4B-EA1C8313C5DD}
		{B32A7470-A5E0-459B-831F-F598B09B75C7} = {836E16FA-397D-4397-B68C-8FD6B955D721}
		{F201379D-034B-4892-9AEC-927A3D67D260} = {836E16FA-397D-4397-B68C-8FD6B955D721}
		{8A12C259-5B56-47AF-A21C-0E709F5E8E54} = {836E16FA-397D-4397-B68C-8FD6B955D721}
		{028BD872-F585-4D60-9E45-E5BECE93D775} = {836E16FA-397D-4397-B68C-8FD6B955D721}
		{37102465-556B-49E7-8CA2-A7814E45DE36} = {836E16FA-397D-4397-B68C-8FD6B955D721}
		{A9940920-207F-471D-8164-13D5A4B518BA} = {836E16FA-397D-4397-B68C-8FD6B955D721}
		{C3B7905B-DDE3-43AB-BF95-851B9F241728} = {836E16FA-397D-4397-B68C-8FD6B955D721}
		{53E9D500-88E1-433A-87FA-501C11E9879E} = {836E16FA-397D-4397-B68C-8FD6B955D721}
		{CB80E983-607D-48F9-8D2F-BDD182551EEC} = {836E16FA-397D-4397-B68C-8FD6B955D721}
		{90F719D6-AC27-4F7C-A42B-723601155B53} = {836E16FA-397D-4397-B68C-8FD6B955D721}
		{6D25AA30-C3AF-4AE0-B567-0F2653120CDC} = {662EE4A1-46AA-4924-A874-5CB73C6232E0}
		{51D5F233-02F2-45F7-B4F2-60D18EF3DEC5} = {662EE4A1-46AA-4924-A874-5CB73C6232E0}
		{BA8C8C0B-470A-4D3C-B3DA-9E28599799B5} = {662EE4A1-46AA-4924-A874-5CB73C6232E0}
		{525678C4-FDC1-4A5D-9D8A-D7E78309335F} = {662EE4A1-46AA-4924-A874-5CB73C6232E0}
		{F85A14D5-64E0-4CFC-88DA-27FE9D0DD664} = {662EE4A1-46AA-4924-A874-5CB73C6232E0}
		{C3A270DE-9727-492E-91E2-F56E7E0E0F83} = {662EE4A1-46AA-4924-A874-5CB73C6232E0}
		{7D1B22F8-06A2-4D09-A3AD-D93A09A01815} = {662EE4A1-46AA-4924-A874-5CB73C6232E0}
		{E45A004F-FBEF-445C-9607-FBC89D6D4590} = {662EE4A1-46AA-4924-A874-5CB73C6232E0}
		{C72B898B-B53B-42D5-9F4F-673F84BB485B} = {662EE4A1-46AA-4924-A874-5CB73C6232E0}
		{3EF91DC7-12C9-47F3-BB18-AD3D85D1B624} = {662EE4A1-46AA-4924-A874-5CB73C6232E0}
		{33C271B9-0A43-408A-8C6A-B1A43ED065A7} = {662EE4A1-46AA-4924-A874-5CB73C6232E0}
		{3AC70E9C-5E33-44AF-8319-2E4F68DA86CB} = {662EE4A1-46AA-4924-A874-5CB73C6232E0}
		{950B9CDB-9286-4A1A-8D88-1DF6954A45E3} = {662EE4A1-46AA-4924-A874-5CB73C6232E0}
		{5937761D-D25B-4C6F-A5E8-FCBFA258BB4A} = {662EE4A1-46AA-4924-A874-5CB73C6232E0}
		{E5302713-0022-4657-85D8-9620818071DF} = {662EE4A1-46AA-4924-A874-5CB73C6232E0}
		{ADA3B560-C0B9-42D0-92FF-A76462E8D524} = {836E16FA-397D-4397-B68C-8FD6B955D721}
		{6C51BF0B-42F0-4670-9F20-A47BB0EA8866} = {836E16FA-397D-4397-B68C-8FD6B955D721}
		{794EA58E-D8EE-422C-B6FB-D9965E175AA3} = {417A9B3C-5113-4DC1-8C88-C3B953133B08}
		{23BF8E7C-DF8C-43F2-9153-53DE5EE23C86} = {836E16FA-397D-4397-B68C-8FD6B955D721}
		{1A018476-EFB6-485D-9DBC-3EA5EA955EEE} = {417A9B3C-5113-4DC1-8C88-C3B953133B08}
		{C6ACBA0B-695E-4B58-822E-4F6D33D3C757} = {4A899A4E-8944-462C-8C4B-EA1C8313C5DD}
	EndGlobalSection
EndGlobal
