Microsoft Visual Studio Solution File, Format Version 12.00
# Visual Studio 14
VisualStudioVersion = 14.0.25420.1
MinimumVisualStudioVersion = 10.0.40219.1
Project("{2150E333-8FDC-42A3-9474-1A3956D46DE8}") = "UI", "UI", "{D4CC7180-CA92-4764-8030-15071B2B7D24}"
EndProject
Project("{2150E333-8FDC-42A3-9474-1A3956D46DE8}") = "Web", "Web", "{4A899A4E-8944-462C-8C4B-EA1C8313C5DD}"
EndProject
Project("{2150E333-8FDC-42A3-9474-1A3956D46DE8}") = "Core", "Core", "{836E16FA-397D-4397-B68C-8FD6B955D721}"
EndProject
Project("{2150E333-8FDC-42A3-9474-1A3956D46DE8}") = "Frameworks", "Frameworks", "{662EE4A1-46AA-4924-A874-5CB73C6232E0}"
EndProject
Project("{2150E333-8FDC-42A3-9474-1A3956D46DE8}") = "MVVMLight", "MVVMLight", "{94EDC1AF-5A34-42B0-B917-66377FCB2CD2}"
EndProject
Project("{2150E333-8FDC-42A3-9474-1A3956D46DE8}") = "Shared", "Shared", "{47EFE6AA-1395-4554-ABD7-D83598551A04}"
EndProject
Project("{2150E333-8FDC-42A3-9474-1A3956D46DE8}") = "Wcf", "Wcf", "{417A9B3C-5113-4DC1-8C88-C3B953133B08}"
EndProject
Project("{2150E333-8FDC-42A3-9474-1A3956D46DE8}") = "Core.WP", "Core.WP", "{ECA57FC5-6720-4D68-9A22-553E89AEE709}"
EndProject
Project("{2150E333-8FDC-42A3-9474-1A3956D46DE8}") = "Frameworks.WP", "Frameworks.WP", "{573ACFBD-B79A-477F-84EB-9A0655DBA87F}"
EndProject
Project("{2150E333-8FDC-42A3-9474-1A3956D46DE8}") = "Shared.WP", "Shared.WP", "{2FFB9099-43BA-4715-9E71-7DC5F0276A9D}"
EndProject
Project("{2150E333-8FDC-42A3-9474-1A3956D46DE8}") = "Wcf.WP", "Wcf.WP", "{120B4DDB-07F2-4738-99F2-BD31175A2759}"
EndProject
Project("{2150E333-8FDC-42A3-9474-1A3956D46DE8}") = "Core.SL", "Core.SL", "{B9905B4E-B156-4AA7-A83D-FC8F856F93BC}"
EndProject
Project("{2150E333-8FDC-42A3-9474-1A3956D46DE8}") = "Frameworks.SL", "Frameworks.SL", "{9DB46A83-860F-495C-86AC-549C6B15F716}"
EndProject
Project("{2150E333-8FDC-42A3-9474-1A3956D46DE8}") = "Shared.SL", "Shared.SL", "{4552D097-17A1-4399-A92C-FD7896A59672}"
EndProject
Project("{2150E333-8FDC-42A3-9474-1A3956D46DE8}") = "Wcf.SL", "Wcf.SL", "{58544195-B468-4427-89E5-54D29A8929D3}"
EndProject
Project("{2150E333-8FDC-42A3-9474-1A3956D46DE8}") = "Core.WinRT", "Core.WinRT", "{B16390E0-F754-42A5-9B6B-E827466F0B65}"
EndProject
Project("{2150E333-8FDC-42A3-9474-1A3956D46DE8}") = "Frameworks.WinRT", "Frameworks.WinRT", "{677434A5-DE71-4EA8-8ABD-537D1C76407C}"
EndProject
Project("{2150E333-8FDC-42A3-9474-1A3956D46DE8}") = "Shared.WinRT", "Shared.WinRT", "{365CA711-B906-4E1C-B9FD-0636F5A1DDB0}"
EndProject
Project("{2150E333-8FDC-42A3-9474-1A3956D46DE8}") = "Wcf.WinRT", "Wcf.WinRT", "{E3DA5AC8-E94F-4463-9422-03966B8367A4}"
EndProject

Project("{2150E333-8FDC-42A3-9474-1A3956D46DE8}") = ".nuget", ".nuget", "{C7AFD4E1-D307-437A-A664-00C8BAD46061}"
	ProjectSection(SolutionItems) = preProject
		.nuget\NuGet.Config = .nuget\NuGet.Config
		.nuget\NuGet.exe = .nuget\NuGet.exe
		.nuget\NuGet.targets = .nuget\NuGet.targets
	EndProjectSection
EndProject
Project("{FAE04EC0-301F-11D3-BF4B-00C04F79EFBC}") = "MSBuildLogsExtended.AspNetMvc40ApiController", "MSBuildLogsExtended\UI\Web\AspNetMvc40ApiController\MSBuildLogsExtended.AspNetMvc40ApiController.csproj", "{A895C92C-862C-4BE8-8753-F42FCFD19E7C}"
EndProject
Project("{FAE04EC0-301F-11D3-BF4B-00C04F79EFBC}") = "MSBuildLogsExtended.AspNetMvc40Rasor", "MSBuildLogsExtended\UI\Web\AspNetMvc40Rasor\MSBuildLogsExtended.AspNetMvc40Rasor.csproj", "{F8B517AE-8E54-4429-84E4-5CB2EF533559}"
EndProject
Project("{FAE04EC0-301F-11D3-BF4B-00C04F79EFBC}") = "MSBuildLogsExtended.AspNetMvc40ViewModel", "MSBuildLogsExtended\UI\Web\AspNetMvc40ViewModel\MSBuildLogsExtended.AspNetMvc40ViewModel.csproj", "{4A61B777-EFD3-4DC3-9570-5A5D1A043BC8}"
EndProject
Project("{FAE04EC0-301F-11D3-BF4B-00C04F79EFBC}") = "MSBuildLogsExtended.AspNetMvc40WebApi", "MSBuildLogsExtended\UI\Web\AspNetMvc40WebApi\MSBuildLogsExtended.AspNetMvc40WebApi.csproj", "{CF0693B4-488E-404B-9AEA-AD541B6A11C0}"
EndProject
Project("{FAE04EC0-301F-11D3-BF4B-00C04F79EFBC}") = "MSBuildLogsExtended.AspNetMvc50AngularSPA", "MSBuildLogsExtended\UI\Web\AspNetMvc50AngularSPA\MSBuildLogsExtended.AspNetMvc50AngularSPA.csproj", "{5B66AF71-8589-43B2-9930-46107EEE91B4}"
EndProject
Project("{FAE04EC0-301F-11D3-BF4B-00C04F79EFBC}") = "MSBuildLogsExtended.AspNetMvc50ApiController", "MSBuildLogsExtended\UI\Web\AspNetMvc50ApiController\MSBuildLogsExtended.AspNetMvc50ApiController.csproj", "{CE18C759-C5E5-4737-BB1A-F91A58E9E4C5}"
EndProject
Project("{FAE04EC0-301F-11D3-BF4B-00C04F79EFBC}") = "MSBuildLogsExtended.AspNetMvc50Rasor", "MSBuildLogsExtended\UI\Web\AspNetMvc50Rasor\MSBuildLogsExtended.AspNetMvc50Rasor.csproj", "{4604688A-7FD8-411F-BC04-0AB0D46E0135}"
EndProject
Project("{FAE04EC0-301F-11D3-BF4B-00C04F79EFBC}") = "MSBuildLogsExtended.AspNetMvc50WebApi2", "MSBuildLogsExtended\UI\Web\AspNetMvc50WebApi2\MSBuildLogsExtended.AspNetMvc50WebApi2.csproj", "{14ACE153-7EED-4F0B-A4E0-9F593A6D52D2}"
EndProject
Project("{FAE04EC0-301F-11D3-BF4B-00C04F79EFBC}") = "MSBuildLogsExtended.CommonBLL", "MSBuildLogsExtended\Core\CommonBLL\MSBuildLogsExtended.CommonBLL.csproj", "{B32A7470-A5E0-459B-831F-F598B09B75C7}"
EndProject
Project("{FAE04EC0-301F-11D3-BF4B-00C04F79EFBC}") = "MSBuildLogsExtended.CommonBLLEntities", "MSBuildLogsExtended\Core\CommonBLLEntities\MSBuildLogsExtended.CommonBLLEntities.csproj", "{F201379D-034B-4892-9AEC-927A3D67D260}"
EndProject
Project("{FAE04EC0-301F-11D3-BF4B-00C04F79EFBC}") = "MSBuildLogsExtended.CommonBLLIoC", "MSBuildLogsExtended\Core\CommonBLLIoC\MSBuildLogsExtended.CommonBLLIoC.csproj", "{8A12C259-5B56-47AF-A21C-0E709F5E8E54}"
EndProject
Project("{FAE04EC0-301F-11D3-BF4B-00C04F79EFBC}") = "MSBuildLogsExtended.DALContracts", "MSBuildLogsExtended\Core\DALContracts\MSBuildLogsExtended.DALContracts.csproj", "{028BD872-F585-4D60-9E45-E5BECE93D775}"
EndProject
Project("{FAE04EC0-301F-11D3-BF4B-00C04F79EFBC}") = "MSBuildLogsExtended.DataSourceEntities", "MSBuildLogsExtended\Core\DataSourceEntities\MSBuildLogsExtended.DataSourceEntities.csproj", "{37102465-556B-49E7-8CA2-A7814E45DE36}"
EndProject
Project("{FAE04EC0-301F-11D3-BF4B-00C04F79EFBC}") = "MSBuildLogsExtended.EntityContracts", "MSBuildLogsExtended\Core\EntityContracts\MSBuildLogsExtended.EntityContracts.csproj", "{A9940920-207F-471D-8164-13D5A4B518BA}"
EndProject
Project("{FAE04EC0-301F-11D3-BF4B-00C04F79EFBC}") = "MSBuildLogsExtended.EntityFrameworkContextV6", "MSBuildLogsExtended\Core\EntityFrameworkContextV6\MSBuildLogsExtended.EntityFrameworkContextV6.csproj", "{C3B7905B-DDE3-43AB-BF95-851B9F241728}"
EndProject
Project("{FAE04EC0-301F-11D3-BF4B-00C04F79EFBC}") = "MSBuildLogsExtended.EntityFrameworkContextV6CodeFirst", "MSBuildLogsExtended\Core\EntityFrameworkContextV6CodeFirst\MSBuildLogsExtended.EntityFrameworkContextV6CodeFirst.csproj", "{53E9D500-88E1-433A-87FA-501C11E9879E}"
EndProject
Project("{FAE04EC0-301F-11D3-BF4B-00C04F79EFBC}") = "MSBuildLogsExtended.EntityFrameworkDALV6", "MSBuildLogsExtended\Core\EntityFrameworkDALV6\MSBuildLogsExtended.EntityFrameworkDALV6.csproj", "{CB80E983-607D-48F9-8D2F-BDD182551EEC}"
EndProject
Project("{FAE04EC0-301F-11D3-BF4B-00C04F79EFBC}") = "MSBuildLogsExtended.EntityFrameworkDALV6CodeFirst", "MSBuildLogsExtended\Core\EntityFrameworkDALV6CodeFirst\MSBuildLogsExtended.EntityFrameworkDALV6CodeFirst.csproj", "{90F719D6-AC27-4F7C-A42B-723601155B53}"
EndProject
Project("{FAE04EC0-301F-11D3-BF4B-00C04F79EFBC}") = "Framework", "Frameworks\Framework\Framework.csproj", "{6D25AA30-C3AF-4AE0-B567-0F2653120CDC}"
EndProject
Project("{FAE04EC0-301F-11D3-BF4B-00C04F79EFBC}") = "Framework.Charting", "Frameworks\Framework.Charting\Framework.Charting.csproj", "{51D5F233-02F2-45F7-B4F2-60D18EF3DEC5}"
EndProject
Project("{FAE04EC0-301F-11D3-BF4B-00C04F79EFBC}") = "Framework.CommonBLLEntities", "Frameworks\Framework.CommonBLLEntities\Framework.CommonBLLEntities.csproj", "{BA8C8C0B-470A-4D3C-B3DA-9E28599799B5}"
EndProject
Project("{FAE04EC0-301F-11D3-BF4B-00C04F79EFBC}") = "Framework.DAL", "Frameworks\Framework.DAL\Framework.DAL.csproj", "{525678C4-FDC1-4A5D-9D8A-D7E78309335F}"
EndProject
Project("{FAE04EC0-301F-11D3-BF4B-00C04F79EFBC}") = "Framework.DataSourceEntities", "Frameworks\Framework.DataSourceEntities\Framework.DataSourceEntities.csproj", "{F85A14D5-64E0-4CFC-88DA-27FE9D0DD664}"
EndProject
Project("{FAE04EC0-301F-11D3-BF4B-00C04F79EFBC}") = "Framework.EntityContracts", "Frameworks\Framework.EntityContracts\Framework.EntityContracts.csproj", "{C3A270DE-9727-492E-91E2-F56E7E0E0F83}"
EndProject
Project("{FAE04EC0-301F-11D3-BF4B-00C04F79EFBC}") = "Framework.LinqDAL", "Frameworks\Framework.LinqDAL\Framework.LinqDAL.csproj", "{7D1B22F8-06A2-4D09-A3AD-D93A09A01815}"
EndProject
Project("{FAE04EC0-301F-11D3-BF4B-00C04F79EFBC}") = "Framework.Mvc", "Frameworks\Framework.Mvc\Framework.Mvc.csproj", "{E45A004F-FBEF-445C-9607-FBC89D6D4590}"
EndProject
Project("{FAE04EC0-301F-11D3-BF4B-00C04F79EFBC}") = "Framework.Resources", "Frameworks\Framework.Resources\Framework.Resources.csproj", "{C72B898B-B53B-42D5-9F4F-673F84BB485B}"
EndProject
Project("{FAE04EC0-301F-11D3-BF4B-00C04F79EFBC}") = "Framework.Services", "Frameworks\Framework.Services\Framework.Services.csproj", "{3EF91DC7-12C9-47F3-BB18-AD3D85D1B624}"
EndProject
Project("{FAE04EC0-301F-11D3-BF4B-00C04F79EFBC}") = "Framework.TokenAuth", "Frameworks\Framework.TokenAuth\Framework.TokenAuth.csproj", "{33C271B9-0A43-408A-8C6A-B1A43ED065A7}"
EndProject
Project("{FAE04EC0-301F-11D3-BF4B-00C04F79EFBC}") = "Framework.WcfClient", "Frameworks\Framework.WcfClient\Framework.WcfClient.csproj", "{3AC70E9C-5E33-44AF-8319-2E4F68DA86CB}"
EndProject
Project("{FAE04EC0-301F-11D3-BF4B-00C04F79EFBC}") = "Framework.Web", "Frameworks\Framework.Web\Framework.Web.csproj", "{950B9CDB-9286-4A1A-8D88-1DF6954A45E3}"
EndProject
Project("{FAE04EC0-301F-11D3-BF4B-00C04F79EFBC}") = "Framework.WebApp", "Frameworks\Framework.WebApp\Framework.WebApp.csproj", "{5937761D-D25B-4C6F-A5E8-FCBFA258BB4A}"
EndProject
Project("{FAE04EC0-301F-11D3-BF4B-00C04F79EFBC}") = "Framework.Xaml", "Frameworks\Framework.Xaml\Framework.Xaml.csproj", "{E5302713-0022-4657-85D8-9620818071DF}"
EndProject
Project("{FAE04EC0-301F-11D3-BF4B-00C04F79EFBC}") = "MSBuildLogsExtended.LinqDAL", "MSBuildLogsExtended\Core\LinqDAL\MSBuildLogsExtended.LinqDAL.csproj", "{D9B82B9C-0FF6-4AC7-AC75-42D8025B2800}"
EndProject
Project("{FAE04EC0-301F-11D3-BF4B-00C04F79EFBC}") = "MSBuildLogsExtended.LinqDALNUnitTest", "MSBuildLogsExtended\Core\LinqDALNUnitTest\MSBuildLogsExtended.LinqDALNUnitTest.csproj", "{B6F3F110-9593-497C-8EE1-FD18D7C8C657}"
EndProject
Project("{FAE04EC0-301F-11D3-BF4B-00C04F79EFBC}") = "MSBuildLogsExtended.LinqToSqlContexts", "MSBuildLogsExtended\Core\LinqToSqlContexts\MSBuildLogsExtended.LinqToSqlContexts.csproj", "{7DEA9522-E2E2-4737-8551-9DCBE4D657D2}"
EndProject
Project("{FAE04EC0-301F-11D3-BF4B-00C04F79EFBC}") = "MSBuildLogsExtended.SL5App", "MSBuildLogsExtended\UI\MVVMLight\SL5App\MSBuildLogsExtended.SL5App.csproj", "{159E6F3A-0B34-4008-BC6A-2C40B4CE0E50}"
EndProject
Project("{FAE04EC0-301F-11D3-BF4B-00C04F79EFBC}") = "MSBuildLogsExtended.ViewModels", "MSBuildLogsExtended\UI\MVVMLight\Shared\ViewModels\MSBuildLogsExtended.ViewModels.csproj", "{F9F6AFDD-CBC4-42C9-AD50-F3D721C11058}"
EndProject
Project("{FAE04EC0-301F-11D3-BF4B-00C04F79EFBC}") = "MSBuildLogsExtended.WinStoreApp", "MSBuildLogsExtended\UI\MVVMLight\WinStoreApp\MSBuildLogsExtended.WinStoreApp.csproj", "{A2EED323-6CDB-42C5-8064-1B55595E0804}"
EndProject
Project("{FAE04EC0-301F-11D3-BF4B-00C04F79EFBC}") = "MSBuildLogsExtended.WP71App", "MSBuildLogsExtended\UI\MVVMLight\WP71App\MSBuildLogsExtended.WP71App.csproj", "{E9B2D7C9-66E2-4548-8BBF-95B1AC20BD3A}"
EndProject
Project("{FAE04EC0-301F-11D3-BF4B-00C04F79EFBC}") = "MSBuildLogsExtended.WPF4App", "MSBuildLogsExtended\UI\MVVMLight\WPF4App\MSBuildLogsExtended.WPF4App.csproj", "{5BCAE2FB-5C8C-4538-9BA9-CC643082583B}"
EndProject
Project("{FAE04EC0-301F-11D3-BF4B-00C04F79EFBC}") = "MSBuildLogsExtended.Resources", "MSBuildLogsExtended\Core\Resources\MSBuildLogsExtended.Resources.csproj", "{ADA3B560-C0B9-42D0-92FF-A76462E8D524}"
EndProject
Project("{00D1A9C2-B5F0-4AF3-8072-F6C62B433612}") = "MSBuildLogsExtended.VS2012DatabaseProject", "MSBuildLogsExtended\Core\VS2012DatabaseProject\MSBuildLogsExtended.VS2012DatabaseProject.sqlproj", "{6C51BF0B-42F0-4670-9F20-A47BB0EA8866}"
EndProject
Project("{FAE04EC0-301F-11D3-BF4B-00C04F79EFBC}") = "MSBuildLogsExtended.WcfClientBLL", "MSBuildLogsExtended\Wcf\WcfClientBLL\MSBuildLogsExtended.WcfClientBLL.csproj", "{794EA58E-D8EE-422C-B6FB-D9965E175AA3}"
EndProject
Project("{FAE04EC0-301F-11D3-BF4B-00C04F79EFBC}") = "MSBuildLogsExtended.WcfContracts", "MSBuildLogsExtended\Core\WcfContracts\MSBuildLogsExtended.WcfContracts.csproj", "{23BF8E7C-DF8C-43F2-9153-53DE5EE23C86}"
EndProject
Project("{FAE04EC0-301F-11D3-BF4B-00C04F79EFBC}") = "MSBuildLogsExtended.WcfWebApp", "MSBuildLogsExtended\Wcf\WcfWebApp\MSBuildLogsExtended.WcfWebApp.csproj", "{1A018476-EFB6-485D-9DBC-3EA5EA955EEE}"
EndProject
Project("{FAE04EC0-301F-11D3-BF4B-00C04F79EFBC}") = "MSBuildLogsExtended.CommonBLLEntities.WP", "MSBuildLogsExtended\Core.WP\CommonBLLEntities.WP\MSBuildLogsExtended.CommonBLLEntities.WP.csproj", "{F5569CBC-0AF2-4756-9CAF-DD1CB6E72884}"
EndProject
Project("{FAE04EC0-301F-11D3-BF4B-00C04F79EFBC}") = "MSBuildLogsExtended.CommonBLLIoC.WP", "MSBuildLogsExtended\Core.WP\CommonBLLIoC.WP\MSBuildLogsExtended.CommonBLLIoC.WP.csproj", "{29D11105-4378-4C6C-AFC8-28CE22D9F8EE}"
EndProject
Project("{FAE04EC0-301F-11D3-BF4B-00C04F79EFBC}") = "MSBuildLogsExtended.DataSourceEntities.WP", "MSBuildLogsExtended\Core.WP\DataSourceEntities.WP\MSBuildLogsExtended.DataSourceEntities.WP.csproj", "{68304E34-97D5-49E1-8670-FC62F94CCF0E}"
EndProject
Project("{FAE04EC0-301F-11D3-BF4B-00C04F79EFBC}") = "MSBuildLogsExtended.EntityContracts.WP", "MSBuildLogsExtended\Core.WP\EntityContracts.WP\MSBuildLogsExtended.EntityContracts.WP.csproj", "{9D6244C9-C3B9-421C-A1E4-DC4492A3E354}"
EndProject
Project("{FAE04EC0-301F-11D3-BF4B-00C04F79EFBC}") = "Framework.WP", "Frameworks.WP\Framework.WP\Framework.WP.csproj", "{1EFE0717-BD17-4781-A7D2-7F0216A3460B}"
EndProject
Project("{FAE04EC0-301F-11D3-BF4B-00C04F79EFBC}") = "Framework.CommonBLLEntities.WP", "Frameworks.WP\Framework.CommonBLLEntities.WP\Framework.CommonBLLEntities.WP.csproj", "{642B975B-A490-40E4-A322-B63B88BA8829}"
EndProject
Project("{FAE04EC0-301F-11D3-BF4B-00C04F79EFBC}") = "Framework.DataSourceEntities.WP", "Frameworks.WP\Framework.DataSourceEntities.WP\Framework.DataSourceEntities.WP.csproj", "{4D615527-E3E4-4DCC-B2BC-0CA77D26451E}"
EndProject
Project("{FAE04EC0-301F-11D3-BF4B-00C04F79EFBC}") = "Framework.EntityContracts.WP", "Frameworks.WP\Framework.EntityContracts.WP\Framework.EntityContracts.WP.csproj", "{5D407E18-CC05-4089-A67B-AFF0EA5907AD}"
EndProject
Project("{FAE04EC0-301F-11D3-BF4B-00C04F79EFBC}") = "Framework.Resources.WP", "Frameworks.WP\Framework.Resources.WP\Framework.Resources.WP.csproj", "{E711039F-7408-49FC-8049-C756AC6852CA}"
EndProject
Project("{FAE04EC0-301F-11D3-BF4B-00C04F79EFBC}") = "Framework.WcfClient.WP", "Frameworks.WP\Framework.WcfClient.WP\Framework.WcfClient.WP.csproj", "{867F6131-9974-441A-B6E6-6E58659EB7EF}"
EndProject
Project("{FAE04EC0-301F-11D3-BF4B-00C04F79EFBC}") = "Framework.Xaml.WP", "Frameworks.WP\Framework.Xaml.WP\Framework.Xaml.WP.csproj", "{DEF32E47-6C10-4B06-AC7B-C79899E499A5}"
EndProject
Project("{FAE04EC0-301F-11D3-BF4B-00C04F79EFBC}") = "MSBuildLogsExtended.ViewModels.WP", "MSBuildLogsExtended\UI\MVVMLight\Shared.WP\ViewModels.WP\MSBuildLogsExtended.ViewModels.WP.csproj", "{0474B7E2-B02E-4FCE-94D8-90E9B66B505A}"
EndProject
Project("{FAE04EC0-301F-11D3-BF4B-00C04F79EFBC}") = "MSBuildLogsExtended.Resources.WP", "MSBuildLogsExtended\Core.WP\Resources.WP\MSBuildLogsExtended.Resources.WP.csproj", "{005AF74C-D514-4060-8E60-3514C782B706}"
EndProject
Project("{FAE04EC0-301F-11D3-BF4B-00C04F79EFBC}") = "MSBuildLogsExtended.WcfClientBLL.WP", "MSBuildLogsExtended\Wcf.WP\WcfClientBLL.WP\MSBuildLogsExtended.WcfClientBLL.WP.csproj", "{DCB5C43D-E947-4F5D-A350-E43D3998E692}"
EndProject
Project("{FAE04EC0-301F-11D3-BF4B-00C04F79EFBC}") = "MSBuildLogsExtended.WcfContracts.WP", "MSBuildLogsExtended\Core.WP\WcfContracts.WP\MSBuildLogsExtended.WcfContracts.WP.csproj", "{B868BDED-285C-4D5F-ACE2-91676B8093E5}"
EndProject
Project("{FAE04EC0-301F-11D3-BF4B-00C04F79EFBC}") = "MSBuildLogsExtended.CommonBLLEntities.SL", "MSBuildLogsExtended\Core.SL\CommonBLLEntities.SL\MSBuildLogsExtended.CommonBLLEntities.SL.csproj", "{A50DF48C-2A02-41D4-A2B6-A9815B6C3147}"
EndProject
Project("{FAE04EC0-301F-11D3-BF4B-00C04F79EFBC}") = "MSBuildLogsExtended.CommonBLLIoC.SL", "MSBuildLogsExtended\Core.SL\CommonBLLIoC.SL\MSBuildLogsExtended.CommonBLLIoC.SL.csproj", "{3975DF0E-CCC6-470B-A7B0-B5B777FF70C9}"
EndProject
Project("{FAE04EC0-301F-11D3-BF4B-00C04F79EFBC}") = "MSBuildLogsExtended.DataSourceEntities.SL", "MSBuildLogsExtended\Core.SL\DataSourceEntities.SL\MSBuildLogsExtended.DataSourceEntities.SL.csproj", "{8D404E22-86BD-4A45-A122-C5C2B5B61E9A}"
EndProject
Project("{FAE04EC0-301F-11D3-BF4B-00C04F79EFBC}") = "MSBuildLogsExtended.EntityContracts.SL", "MSBuildLogsExtended\Core.SL\EntityContracts.SL\MSBuildLogsExtended.EntityContracts.SL.csproj", "{A109B303-C757-4FA3-BE0E-6460DBCF9741}"
EndProject
Project("{FAE04EC0-301F-11D3-BF4B-00C04F79EFBC}") = "Framework.SL", "Frameworks.SL\Framework.SL\Framework.SL.csproj", "{3AD8826F-070F-40DD-8771-8D17ADA7EBF2}"
EndProject
Project("{FAE04EC0-301F-11D3-BF4B-00C04F79EFBC}") = "Framework.CommonBLLEntities.SL", "Frameworks.SL\Framework.CommonBLLEntities.SL\Framework.CommonBLLEntities.SL.csproj", "{4E8E2DDA-4989-47CA-848D-3784207BC888}"
EndProject
Project("{FAE04EC0-301F-11D3-BF4B-00C04F79EFBC}") = "Framework.DataSourceEntities.SL", "Frameworks.SL\Framework.DataSourceEntities.SL\Framework.DataSourceEntities.SL.csproj", "{83B25B4A-62BF-4BF0-A18C-623AF31C7BDD}"
EndProject
Project("{FAE04EC0-301F-11D3-BF4B-00C04F79EFBC}") = "Framework.EntityContracts.SL", "Frameworks.SL\Framework.EntityContracts.SL\Framework.EntityContracts.SL.csproj", "{AFF249F1-CD55-447C-81A2-0EC80715C391}"
EndProject
Project("{FAE04EC0-301F-11D3-BF4B-00C04F79EFBC}") = "Framework.Resources.SL", "Frameworks.SL\Framework.Resources.SL\Framework.Resources.SL.csproj", "{6FDE9471-4E80-469D-B441-BD8CFA62F93E}"
EndProject
Project("{FAE04EC0-301F-11D3-BF4B-00C04F79EFBC}") = "Framework.WcfClient.SL", "Frameworks.SL\Framework.WcfClient.SL\Framework.WcfClient.SL.csproj", "{615867C3-F394-47C7-B4FF-F40DCFC3CD94}"
EndProject
Project("{FAE04EC0-301F-11D3-BF4B-00C04F79EFBC}") = "Framework.Xaml.SL", "Frameworks.SL\Framework.Xaml.SL\Framework.Xaml.SL.csproj", "{8C899CAC-D4E2-4234-BB3C-2ABAD08B2F0B}"
EndProject
Project("{FAE04EC0-301F-11D3-BF4B-00C04F79EFBC}") = "MSBuildLogsExtended.ViewModels.SL", "MSBuildLogsExtended\UI\MVVMLight\Shared.SL\ViewModels.SL\MSBuildLogsExtended.ViewModels.SL.csproj", "{A28423A8-D0F5-454B-9ABE-7CF4125E2E8D}"
EndProject
Project("{FAE04EC0-301F-11D3-BF4B-00C04F79EFBC}") = "MSBuildLogsExtended.Resources.SL", "MSBuildLogsExtended\Core.SL\Resources.SL\MSBuildLogsExtended.Resources.SL.csproj", "{AB89F1F0-E4B6-4538-8DF5-3CD1E1BFEB2D}"
EndProject
Project("{FAE04EC0-301F-11D3-BF4B-00C04F79EFBC}") = "MSBuildLogsExtended.WcfClientBLL.SL", "MSBuildLogsExtended\Wcf.SL\WcfClientBLL.SL\MSBuildLogsExtended.WcfClientBLL.SL.csproj", "{2E695896-7032-4A4D-BDBF-E9F7911D5860}"
EndProject
Project("{FAE04EC0-301F-11D3-BF4B-00C04F79EFBC}") = "MSBuildLogsExtended.WcfContracts.SL", "MSBuildLogsExtended\Core.SL\WcfContracts.SL\MSBuildLogsExtended.WcfContracts.SL.csproj", "{48D0515F-5C99-48C4-A53F-AEBB2CF558C8}"
EndProject
Project("{FAE04EC0-301F-11D3-BF4B-00C04F79EFBC}") = "MSBuildLogsExtended.CommonBLLEntities.WinRT", "MSBuildLogsExtended\Core.WinRT\CommonBLLEntities.WinRT\MSBuildLogsExtended.CommonBLLEntities.WinRT.csproj", "{C5EF7139-7E1C-49C6-8D3D-03C0FC592FF7}"
EndProject
Project("{FAE04EC0-301F-11D3-BF4B-00C04F79EFBC}") = "MSBuildLogsExtended.CommonBLLIoC.WinRT", "MSBuildLogsExtended\Core.WinRT\CommonBLLIoC.WinRT\MSBuildLogsExtended.CommonBLLIoC.WinRT.csproj", "{62A2FACD-4F1A-43B3-A805-78FF111DEC01}"
EndProject
Project("{FAE04EC0-301F-11D3-BF4B-00C04F79EFBC}") = "MSBuildLogsExtended.DataSourceEntities.WinRT", "MSBuildLogsExtended\Core.WinRT\DataSourceEntities.WinRT\MSBuildLogsExtended.DataSourceEntities.WinRT.csproj", "{00B55318-AEA3-4F17-955D-81851B8071F1}"
EndProject
Project("{FAE04EC0-301F-11D3-BF4B-00C04F79EFBC}") = "MSBuildLogsExtended.EntityContracts.WinRT", "MSBuildLogsExtended\Core.WinRT\EntityContracts.WinRT\MSBuildLogsExtended.EntityContracts.WinRT.csproj", "{871E68C5-1A97-446A-862C-391A3ECD8B6F}"
EndProject
Project("{FAE04EC0-301F-11D3-BF4B-00C04F79EFBC}") = "Framework.WinRT", "Frameworks.WinRT\Framework.WinRT\Framework.WinRT.csproj", "{460FE8B2-17EC-4A7E-83F8-B77B88E8B284}"
EndProject
Project("{FAE04EC0-301F-11D3-BF4B-00C04F79EFBC}") = "Framework.CommonBLLEntities.WinRT", "Frameworks.WinRT\Framework.CommonBLLEntities.WinRT\Framework.CommonBLLEntities.WinRT.csproj", "{776D82B5-9BCD-4E41-8DD9-51DA6CB4EC9E}"
EndProject
Project("{FAE04EC0-301F-11D3-BF4B-00C04F79EFBC}") = "Framework.DataSourceEntities.WinRT", "Frameworks.WinRT\Framework.DataSourceEntities.WinRT\Framework.DataSourceEntities.WinRT.csproj", "{7E03E94E-CD7B-4261-9FF3-CFB6D5DF2ADF}"
EndProject
Project("{FAE04EC0-301F-11D3-BF4B-00C04F79EFBC}") = "Framework.EntityContracts.WinRT", "Frameworks.WinRT\Framework.EntityContracts.WinRT\Framework.EntityContracts.WinRT.csproj", "{6A07BDB8-D8D2-43E9-8791-80C4A3A91788}"
EndProject
Project("{FAE04EC0-301F-11D3-BF4B-00C04F79EFBC}") = "Framework.Resources.WinRT", "Frameworks.WinRT\Framework.Resources.WinRT\Framework.Resources.WinRT.csproj", "{23311EE2-A0CD-46F6-9766-652A04A7602F}"
EndProject
Project("{FAE04EC0-301F-11D3-BF4B-00C04F79EFBC}") = "Framework.WcfClient.WinRT", "Frameworks.WinRT\Framework.WcfClient.WinRT\Framework.WcfClient.WinRT.csproj", "{386955C8-C7DC-4E4C-B7AB-10D8C8BE3C19}"
EndProject
Project("{FAE04EC0-301F-11D3-BF4B-00C04F79EFBC}") = "Framework.Xaml.WinRT", "Frameworks.WinRT\Framework.Xaml.WinRT\Framework.Xaml.WinRT.csproj", "{CF9B6830-2682-4843-AFB6-FD9DF7BAC7AB}"
EndProject
Project("{FAE04EC0-301F-11D3-BF4B-00C04F79EFBC}") = "MSBuildLogsExtended.ViewModels.WinRT", "MSBuildLogsExtended\UI\MVVMLight\Shared.WinRT\ViewModels.WinRT\MSBuildLogsExtended.ViewModels.WinRT.csproj", "{598BB580-ACF5-4E89-8EEF-7FE31E050E98}"
EndProject
Project("{FAE04EC0-301F-11D3-BF4B-00C04F79EFBC}") = "MSBuildLogsExtended.Resources.WinRT", "MSBuildLogsExtended\Core.WinRT\Resources.WinRT\MSBuildLogsExtended.Resources.WinRT.csproj", "{AE8B8166-23AB-4308-B637-C88651D8C4E9}"
EndProject
Project("{FAE04EC0-301F-11D3-BF4B-00C04F79EFBC}") = "MSBuildLogsExtended.WcfClientBLL.WinRT", "MSBuildLogsExtended\Wcf.WinRT\WcfClientBLL.WinRT\MSBuildLogsExtended.WcfClientBLL.WinRT.csproj", "{DCAAF26D-B0D9-44C7-A312-08BB46E6D04C}"
EndProject
Project("{FAE04EC0-301F-11D3-BF4B-00C04F79EFBC}") = "MSBuildLogsExtended.WcfContracts.WinRT", "MSBuildLogsExtended\Core.WinRT\WcfContracts.WinRT\MSBuildLogsExtended.WcfContracts.WinRT.csproj", "{2B963791-4BF7-41C3-819F-42DF56BEC6C2}"
EndProject

Global
	GlobalSection(SolutionConfigurationPlatforms) = preSolution
		Debug|Any CPU = Debug|Any CPU
		Release|Any CPU = Release|Any CPU
	EndGlobalSection
	GlobalSection(ProjectConfigurationPlatforms) = postSolution
		{A895C92C-862C-4BE8-8753-F42FCFD19E7C}.Debug|Any CPU.ActiveCfg = Debug|Any CPU
		{A895C92C-862C-4BE8-8753-F42FCFD19E7C}.Debug|Any CPU.Build.0 = Debug|Any CPU
		{A895C92C-862C-4BE8-8753-F42FCFD19E7C}.Release|Any CPU.ActiveCfg = Release|Any CPU
		{A895C92C-862C-4BE8-8753-F42FCFD19E7C}.Release|Any CPU.Build.0 = Debug|Any CPU
		{F8B517AE-8E54-4429-84E4-5CB2EF533559}.Debug|Any CPU.ActiveCfg = Debug|Any CPU
		{F8B517AE-8E54-4429-84E4-5CB2EF533559}.Debug|Any CPU.Build.0 = Debug|Any CPU
		{F8B517AE-8E54-4429-84E4-5CB2EF533559}.Release|Any CPU.ActiveCfg = Release|Any CPU
		{F8B517AE-8E54-4429-84E4-5CB2EF533559}.Release|Any CPU.Build.0 = Debug|Any CPU
		{4A61B777-EFD3-4DC3-9570-5A5D1A043BC8}.Debug|Any CPU.ActiveCfg = Debug|Any CPU
		{4A61B777-EFD3-4DC3-9570-5A5D1A043BC8}.Debug|Any CPU.Build.0 = Debug|Any CPU
		{4A61B777-EFD3-4DC3-9570-5A5D1A043BC8}.Release|Any CPU.ActiveCfg = Release|Any CPU
		{4A61B777-EFD3-4DC3-9570-5A5D1A043BC8}.Release|Any CPU.Build.0 = Debug|Any CPU
		{CF0693B4-488E-404B-9AEA-AD541B6A11C0}.Debug|Any CPU.ActiveCfg = Debug|Any CPU
		{CF0693B4-488E-404B-9AEA-AD541B6A11C0}.Debug|Any CPU.Build.0 = Debug|Any CPU
		{CF0693B4-488E-404B-9AEA-AD541B6A11C0}.Release|Any CPU.ActiveCfg = Release|Any CPU
		{CF0693B4-488E-404B-9AEA-AD541B6A11C0}.Release|Any CPU.Build.0 = Debug|Any CPU
		{5B66AF71-8589-43B2-9930-46107EEE91B4}.Debug|Any CPU.ActiveCfg = Debug|Any CPU
		{5B66AF71-8589-43B2-9930-46107EEE91B4}.Debug|Any CPU.Build.0 = Debug|Any CPU
		{5B66AF71-8589-43B2-9930-46107EEE91B4}.Release|Any CPU.ActiveCfg = Release|Any CPU
		{5B66AF71-8589-43B2-9930-46107EEE91B4}.Release|Any CPU.Build.0 = Debug|Any CPU
		{CE18C759-C5E5-4737-BB1A-F91A58E9E4C5}.Debug|Any CPU.ActiveCfg = Debug|Any CPU
		{CE18C759-C5E5-4737-BB1A-F91A58E9E4C5}.Debug|Any CPU.Build.0 = Debug|Any CPU
		{CE18C759-C5E5-4737-BB1A-F91A58E9E4C5}.Release|Any CPU.ActiveCfg = Release|Any CPU
		{CE18C759-C5E5-4737-BB1A-F91A58E9E4C5}.Release|Any CPU.Build.0 = Debug|Any CPU
		{4604688A-7FD8-411F-BC04-0AB0D46E0135}.Debug|Any CPU.ActiveCfg = Debug|Any CPU
		{4604688A-7FD8-411F-BC04-0AB0D46E0135}.Debug|Any CPU.Build.0 = Debug|Any CPU
		{4604688A-7FD8-411F-BC04-0AB0D46E0135}.Release|Any CPU.ActiveCfg = Release|Any CPU
		{4604688A-7FD8-411F-BC04-0AB0D46E0135}.Release|Any CPU.Build.0 = Debug|Any CPU
		{14ACE153-7EED-4F0B-A4E0-9F593A6D52D2}.Debug|Any CPU.ActiveCfg = Debug|Any CPU
		{14ACE153-7EED-4F0B-A4E0-9F593A6D52D2}.Debug|Any CPU.Build.0 = Debug|Any CPU
		{14ACE153-7EED-4F0B-A4E0-9F593A6D52D2}.Release|Any CPU.ActiveCfg = Release|Any CPU
		{14ACE153-7EED-4F0B-A4E0-9F593A6D52D2}.Release|Any CPU.Build.0 = Debug|Any CPU
		{B32A7470-A5E0-459B-831F-F598B09B75C7}.Debug|Any CPU.ActiveCfg = Debug|Any CPU
		{B32A7470-A5E0-459B-831F-F598B09B75C7}.Debug|Any CPU.Build.0 = Debug|Any CPU
		{B32A7470-A5E0-459B-831F-F598B09B75C7}.Release|Any CPU.ActiveCfg = Release|Any CPU
		{B32A7470-A5E0-459B-831F-F598B09B75C7}.Release|Any CPU.Build.0 = Debug|Any CPU
		{F201379D-034B-4892-9AEC-927A3D67D260}.Debug|Any CPU.ActiveCfg = Debug|Any CPU
		{F201379D-034B-4892-9AEC-927A3D67D260}.Debug|Any CPU.Build.0 = Debug|Any CPU
		{F201379D-034B-4892-9AEC-927A3D67D260}.Release|Any CPU.ActiveCfg = Release|Any CPU
		{F201379D-034B-4892-9AEC-927A3D67D260}.Release|Any CPU.Build.0 = Debug|Any CPU
		{8A12C259-5B56-47AF-A21C-0E709F5E8E54}.Debug|Any CPU.ActiveCfg = Debug|Any CPU
		{8A12C259-5B56-47AF-A21C-0E709F5E8E54}.Debug|Any CPU.Build.0 = Debug|Any CPU
		{8A12C259-5B56-47AF-A21C-0E709F5E8E54}.Release|Any CPU.ActiveCfg = Release|Any CPU
		{8A12C259-5B56-47AF-A21C-0E709F5E8E54}.Release|Any CPU.Build.0 = Debug|Any CPU
		{028BD872-F585-4D60-9E45-E5BECE93D775}.Debug|Any CPU.ActiveCfg = Debug|Any CPU
		{028BD872-F585-4D60-9E45-E5BECE93D775}.Debug|Any CPU.Build.0 = Debug|Any CPU
		{028BD872-F585-4D60-9E45-E5BECE93D775}.Release|Any CPU.ActiveCfg = Release|Any CPU
		{028BD872-F585-4D60-9E45-E5BECE93D775}.Release|Any CPU.Build.0 = Debug|Any CPU
		{37102465-556B-49E7-8CA2-A7814E45DE36}.Debug|Any CPU.ActiveCfg = Debug|Any CPU
		{37102465-556B-49E7-8CA2-A7814E45DE36}.Debug|Any CPU.Build.0 = Debug|Any CPU
		{37102465-556B-49E7-8CA2-A7814E45DE36}.Release|Any CPU.ActiveCfg = Release|Any CPU
		{37102465-556B-49E7-8CA2-A7814E45DE36}.Release|Any CPU.Build.0 = Debug|Any CPU
		{A9940920-207F-471D-8164-13D5A4B518BA}.Debug|Any CPU.ActiveCfg = Debug|Any CPU
		{A9940920-207F-471D-8164-13D5A4B518BA}.Debug|Any CPU.Build.0 = Debug|Any CPU
		{A9940920-207F-471D-8164-13D5A4B518BA}.Release|Any CPU.ActiveCfg = Release|Any CPU
		{A9940920-207F-471D-8164-13D5A4B518BA}.Release|Any CPU.Build.0 = Debug|Any CPU
		{C3B7905B-DDE3-43AB-BF95-851B9F241728}.Debug|Any CPU.ActiveCfg = Debug|Any CPU
		{C3B7905B-DDE3-43AB-BF95-851B9F241728}.Debug|Any CPU.Build.0 = Debug|Any CPU
		{C3B7905B-DDE3-43AB-BF95-851B9F241728}.Release|Any CPU.ActiveCfg = Release|Any CPU
		{C3B7905B-DDE3-43AB-BF95-851B9F241728}.Release|Any CPU.Build.0 = Debug|Any CPU
		{53E9D500-88E1-433A-87FA-501C11E9879E}.Debug|Any CPU.ActiveCfg = Debug|Any CPU
		{53E9D500-88E1-433A-87FA-501C11E9879E}.Debug|Any CPU.Build.0 = Debug|Any CPU
		{53E9D500-88E1-433A-87FA-501C11E9879E}.Release|Any CPU.ActiveCfg = Release|Any CPU
		{53E9D500-88E1-433A-87FA-501C11E9879E}.Release|Any CPU.Build.0 = Debug|Any CPU
		{CB80E983-607D-48F9-8D2F-BDD182551EEC}.Debug|Any CPU.ActiveCfg = Debug|Any CPU
		{CB80E983-607D-48F9-8D2F-BDD182551EEC}.Debug|Any CPU.Build.0 = Debug|Any CPU
		{CB80E983-607D-48F9-8D2F-BDD182551EEC}.Release|Any CPU.ActiveCfg = Release|Any CPU
		{CB80E983-607D-48F9-8D2F-BDD182551EEC}.Release|Any CPU.Build.0 = Debug|Any CPU
		{90F719D6-AC27-4F7C-A42B-723601155B53}.Debug|Any CPU.ActiveCfg = Debug|Any CPU
		{90F719D6-AC27-4F7C-A42B-723601155B53}.Debug|Any CPU.Build.0 = Debug|Any CPU
		{90F719D6-AC27-4F7C-A42B-723601155B53}.Release|Any CPU.ActiveCfg = Release|Any CPU
		{90F719D6-AC27-4F7C-A42B-723601155B53}.Release|Any CPU.Build.0 = Debug|Any CPU
		{6D25AA30-C3AF-4AE0-B567-0F2653120CDC}.Debug|Any CPU.ActiveCfg = Debug|Any CPU
		{6D25AA30-C3AF-4AE0-B567-0F2653120CDC}.Debug|Any CPU.Build.0 = Debug|Any CPU
		{6D25AA30-C3AF-4AE0-B567-0F2653120CDC}.Release|Any CPU.ActiveCfg = Release|Any CPU
		{6D25AA30-C3AF-4AE0-B567-0F2653120CDC}.Release|Any CPU.Build.0 = Debug|Any CPU
		{51D5F233-02F2-45F7-B4F2-60D18EF3DEC5}.Debug|Any CPU.ActiveCfg = Debug|Any CPU
		{51D5F233-02F2-45F7-B4F2-60D18EF3DEC5}.Debug|Any CPU.Build.0 = Debug|Any CPU
		{51D5F233-02F2-45F7-B4F2-60D18EF3DEC5}.Release|Any CPU.ActiveCfg = Release|Any CPU
		{51D5F233-02F2-45F7-B4F2-60D18EF3DEC5}.Release|Any CPU.Build.0 = Debug|Any CPU
		{BA8C8C0B-470A-4D3C-B3DA-9E28599799B5}.Debug|Any CPU.ActiveCfg = Debug|Any CPU
		{BA8C8C0B-470A-4D3C-B3DA-9E28599799B5}.Debug|Any CPU.Build.0 = Debug|Any CPU
		{BA8C8C0B-470A-4D3C-B3DA-9E28599799B5}.Release|Any CPU.ActiveCfg = Release|Any CPU
		{BA8C8C0B-470A-4D3C-B3DA-9E28599799B5}.Release|Any CPU.Build.0 = Debug|Any CPU
		{525678C4-FDC1-4A5D-9D8A-D7E78309335F}.Debug|Any CPU.ActiveCfg = Debug|Any CPU
		{525678C4-FDC1-4A5D-9D8A-D7E78309335F}.Debug|Any CPU.Build.0 = Debug|Any CPU
		{525678C4-FDC1-4A5D-9D8A-D7E78309335F}.Release|Any CPU.ActiveCfg = Release|Any CPU
		{525678C4-FDC1-4A5D-9D8A-D7E78309335F}.Release|Any CPU.Build.0 = Debug|Any CPU
		{F85A14D5-64E0-4CFC-88DA-27FE9D0DD664}.Debug|Any CPU.ActiveCfg = Debug|Any CPU
		{F85A14D5-64E0-4CFC-88DA-27FE9D0DD664}.Debug|Any CPU.Build.0 = Debug|Any CPU
		{F85A14D5-64E0-4CFC-88DA-27FE9D0DD664}.Release|Any CPU.ActiveCfg = Release|Any CPU
		{F85A14D5-64E0-4CFC-88DA-27FE9D0DD664}.Release|Any CPU.Build.0 = Debug|Any CPU
		{C3A270DE-9727-492E-91E2-F56E7E0E0F83}.Debug|Any CPU.ActiveCfg = Debug|Any CPU
		{C3A270DE-9727-492E-91E2-F56E7E0E0F83}.Debug|Any CPU.Build.0 = Debug|Any CPU
		{C3A270DE-9727-492E-91E2-F56E7E0E0F83}.Release|Any CPU.ActiveCfg = Release|Any CPU
		{C3A270DE-9727-492E-91E2-F56E7E0E0F83}.Release|Any CPU.Build.0 = Debug|Any CPU
		{7D1B22F8-06A2-4D09-A3AD-D93A09A01815}.Debug|Any CPU.ActiveCfg = Debug|Any CPU
		{7D1B22F8-06A2-4D09-A3AD-D93A09A01815}.Debug|Any CPU.Build.0 = Debug|Any CPU
		{7D1B22F8-06A2-4D09-A3AD-D93A09A01815}.Release|Any CPU.ActiveCfg = Release|Any CPU
		{7D1B22F8-06A2-4D09-A3AD-D93A09A01815}.Release|Any CPU.Build.0 = Debug|Any CPU
		{E45A004F-FBEF-445C-9607-FBC89D6D4590}.Debug|Any CPU.ActiveCfg = Debug|Any CPU
		{E45A004F-FBEF-445C-9607-FBC89D6D4590}.Debug|Any CPU.Build.0 = Debug|Any CPU
		{E45A004F-FBEF-445C-9607-FBC89D6D4590}.Release|Any CPU.ActiveCfg = Release|Any CPU
		{E45A004F-FBEF-445C-9607-FBC89D6D4590}.Release|Any CPU.Build.0 = Debug|Any CPU
		{C72B898B-B53B-42D5-9F4F-673F84BB485B}.Debug|Any CPU.ActiveCfg = Debug|Any CPU
		{C72B898B-B53B-42D5-9F4F-673F84BB485B}.Debug|Any CPU.Build.0 = Debug|Any CPU
		{C72B898B-B53B-42D5-9F4F-673F84BB485B}.Release|Any CPU.ActiveCfg = Release|Any CPU
		{C72B898B-B53B-42D5-9F4F-673F84BB485B}.Release|Any CPU.Build.0 = Debug|Any CPU
		{3EF91DC7-12C9-47F3-BB18-AD3D85D1B624}.Debug|Any CPU.ActiveCfg = Debug|Any CPU
		{3EF91DC7-12C9-47F3-BB18-AD3D85D1B624}.Debug|Any CPU.Build.0 = Debug|Any CPU
		{3EF91DC7-12C9-47F3-BB18-AD3D85D1B624}.Release|Any CPU.ActiveCfg = Release|Any CPU
		{3EF91DC7-12C9-47F3-BB18-AD3D85D1B624}.Release|Any CPU.Build.0 = Debug|Any CPU
		{33C271B9-0A43-408A-8C6A-B1A43ED065A7}.Debug|Any CPU.ActiveCfg = Debug|Any CPU
		{33C271B9-0A43-408A-8C6A-B1A43ED065A7}.Debug|Any CPU.Build.0 = Debug|Any CPU
		{33C271B9-0A43-408A-8C6A-B1A43ED065A7}.Release|Any CPU.ActiveCfg = Release|Any CPU
		{33C271B9-0A43-408A-8C6A-B1A43ED065A7}.Release|Any CPU.Build.0 = Debug|Any CPU
		{3AC70E9C-5E33-44AF-8319-2E4F68DA86CB}.Debug|Any CPU.ActiveCfg = Debug|Any CPU
		{3AC70E9C-5E33-44AF-8319-2E4F68DA86CB}.Debug|Any CPU.Build.0 = Debug|Any CPU
		{3AC70E9C-5E33-44AF-8319-2E4F68DA86CB}.Release|Any CPU.ActiveCfg = Release|Any CPU
		{3AC70E9C-5E33-44AF-8319-2E4F68DA86CB}.Release|Any CPU.Build.0 = Debug|Any CPU
		{950B9CDB-9286-4A1A-8D88-1DF6954A45E3}.Debug|Any CPU.ActiveCfg = Debug|Any CPU
		{950B9CDB-9286-4A1A-8D88-1DF6954A45E3}.Debug|Any CPU.Build.0 = Debug|Any CPU
		{950B9CDB-9286-4A1A-8D88-1DF6954A45E3}.Release|Any CPU.ActiveCfg = Release|Any CPU
		{950B9CDB-9286-4A1A-8D88-1DF6954A45E3}.Release|Any CPU.Build.0 = Debug|Any CPU
		{5937761D-D25B-4C6F-A5E8-FCBFA258BB4A}.Debug|Any CPU.ActiveCfg = Debug|Any CPU
		{5937761D-D25B-4C6F-A5E8-FCBFA258BB4A}.Debug|Any CPU.Build.0 = Debug|Any CPU
		{5937761D-D25B-4C6F-A5E8-FCBFA258BB4A}.Release|Any CPU.ActiveCfg = Release|Any CPU
		{5937761D-D25B-4C6F-A5E8-FCBFA258BB4A}.Release|Any CPU.Build.0 = Debug|Any CPU
		{E5302713-0022-4657-85D8-9620818071DF}.Debug|Any CPU.ActiveCfg = Debug|Any CPU
		{E5302713-0022-4657-85D8-9620818071DF}.Debug|Any CPU.Build.0 = Debug|Any CPU
		{E5302713-0022-4657-85D8-9620818071DF}.Release|Any CPU.ActiveCfg = Release|Any CPU
		{E5302713-0022-4657-85D8-9620818071DF}.Release|Any CPU.Build.0 = Debug|Any CPU
		{D9B82B9C-0FF6-4AC7-AC75-42D8025B2800}.Debug|Any CPU.ActiveCfg = Debug|Any CPU
		{D9B82B9C-0FF6-4AC7-AC75-42D8025B2800}.Debug|Any CPU.Build.0 = Debug|Any CPU
		{D9B82B9C-0FF6-4AC7-AC75-42D8025B2800}.Release|Any CPU.ActiveCfg = Release|Any CPU
		{D9B82B9C-0FF6-4AC7-AC75-42D8025B2800}.Release|Any CPU.Build.0 = Debug|Any CPU
		{B6F3F110-9593-497C-8EE1-FD18D7C8C657}.Debug|Any CPU.ActiveCfg = Debug|Any CPU
		{B6F3F110-9593-497C-8EE1-FD18D7C8C657}.Debug|Any CPU.Build.0 = Debug|Any CPU
		{B6F3F110-9593-497C-8EE1-FD18D7C8C657}.Release|Any CPU.ActiveCfg = Release|Any CPU
		{B6F3F110-9593-497C-8EE1-FD18D7C8C657}.Release|Any CPU.Build.0 = Debug|Any CPU
		{7DEA9522-E2E2-4737-8551-9DCBE4D657D2}.Debug|Any CPU.ActiveCfg = Debug|Any CPU
		{7DEA9522-E2E2-4737-8551-9DCBE4D657D2}.Debug|Any CPU.Build.0 = Debug|Any CPU
		{7DEA9522-E2E2-4737-8551-9DCBE4D657D2}.Release|Any CPU.ActiveCfg = Release|Any CPU
		{7DEA9522-E2E2-4737-8551-9DCBE4D657D2}.Release|Any CPU.Build.0 = Debug|Any CPU
		{159E6F3A-0B34-4008-BC6A-2C40B4CE0E50}.Debug|Any CPU.ActiveCfg = Debug|Any CPU
		{159E6F3A-0B34-4008-BC6A-2C40B4CE0E50}.Debug|Any CPU.Build.0 = Debug|Any CPU
		{159E6F3A-0B34-4008-BC6A-2C40B4CE0E50}.Release|Any CPU.ActiveCfg = Release|Any CPU
		{159E6F3A-0B34-4008-BC6A-2C40B4CE0E50}.Release|Any CPU.Build.0 = Debug|Any CPU
		{F9F6AFDD-CBC4-42C9-AD50-F3D721C11058}.Debug|Any CPU.ActiveCfg = Debug|Any CPU
		{F9F6AFDD-CBC4-42C9-AD50-F3D721C11058}.Debug|Any CPU.Build.0 = Debug|Any CPU
		{F9F6AFDD-CBC4-42C9-AD50-F3D721C11058}.Release|Any CPU.ActiveCfg = Release|Any CPU
		{F9F6AFDD-CBC4-42C9-AD50-F3D721C11058}.Release|Any CPU.Build.0 = Debug|Any CPU
		{A2EED323-6CDB-42C5-8064-1B55595E0804}.Debug|Any CPU.ActiveCfg = Debug|Any CPU
		{A2EED323-6CDB-42C5-8064-1B55595E0804}.Debug|Any CPU.Build.0 = Debug|Any CPU
		{A2EED323-6CDB-42C5-8064-1B55595E0804}.Release|Any CPU.ActiveCfg = Release|Any CPU
		{A2EED323-6CDB-42C5-8064-1B55595E0804}.Release|Any CPU.Build.0 = Debug|Any CPU
		{E9B2D7C9-66E2-4548-8BBF-95B1AC20BD3A}.Debug|Any CPU.ActiveCfg = Debug|Any CPU
		{E9B2D7C9-66E2-4548-8BBF-95B1AC20BD3A}.Debug|Any CPU.Build.0 = Debug|Any CPU
		{E9B2D7C9-66E2-4548-8BBF-95B1AC20BD3A}.Release|Any CPU.ActiveCfg = Release|Any CPU
		{E9B2D7C9-66E2-4548-8BBF-95B1AC20BD3A}.Release|Any CPU.Build.0 = Debug|Any CPU
		{5BCAE2FB-5C8C-4538-9BA9-CC643082583B}.Debug|Any CPU.ActiveCfg = Debug|Any CPU
		{5BCAE2FB-5C8C-4538-9BA9-CC643082583B}.Debug|Any CPU.Build.0 = Debug|Any CPU
		{5BCAE2FB-5C8C-4538-9BA9-CC643082583B}.Release|Any CPU.ActiveCfg = Release|Any CPU
		{5BCAE2FB-5C8C-4538-9BA9-CC643082583B}.Release|Any CPU.Build.0 = Debug|Any CPU
		{ADA3B560-C0B9-42D0-92FF-A76462E8D524}.Debug|Any CPU.ActiveCfg = Debug|Any CPU
		{ADA3B560-C0B9-42D0-92FF-A76462E8D524}.Debug|Any CPU.Build.0 = Debug|Any CPU
		{ADA3B560-C0B9-42D0-92FF-A76462E8D524}.Release|Any CPU.ActiveCfg = Release|Any CPU
		{ADA3B560-C0B9-42D0-92FF-A76462E8D524}.Release|Any CPU.Build.0 = Debug|Any CPU
		{6C51BF0B-42F0-4670-9F20-A47BB0EA8866}.Debug|Any CPU.ActiveCfg = Debug|Any CPU
		{6C51BF0B-42F0-4670-9F20-A47BB0EA8866}.Debug|Any CPU.Build.0 = Debug|Any CPU
		{6C51BF0B-42F0-4670-9F20-A47BB0EA8866}.Release|Any CPU.ActiveCfg = Release|Any CPU
		{6C51BF0B-42F0-4670-9F20-A47BB0EA8866}.Release|Any CPU.Build.0 = Debug|Any CPU
		{794EA58E-D8EE-422C-B6FB-D9965E175AA3}.Debug|Any CPU.ActiveCfg = Debug|Any CPU
		{794EA58E-D8EE-422C-B6FB-D9965E175AA3}.Debug|Any CPU.Build.0 = Debug|Any CPU
		{794EA58E-D8EE-422C-B6FB-D9965E175AA3}.Release|Any CPU.ActiveCfg = Release|Any CPU
		{794EA58E-D8EE-422C-B6FB-D9965E175AA3}.Release|Any CPU.Build.0 = Debug|Any CPU
		{23BF8E7C-DF8C-43F2-9153-53DE5EE23C86}.Debug|Any CPU.ActiveCfg = Debug|Any CPU
		{23BF8E7C-DF8C-43F2-9153-53DE5EE23C86}.Debug|Any CPU.Build.0 = Debug|Any CPU
		{23BF8E7C-DF8C-43F2-9153-53DE5EE23C86}.Release|Any CPU.ActiveCfg = Release|Any CPU
		{23BF8E7C-DF8C-43F2-9153-53DE5EE23C86}.Release|Any CPU.Build.0 = Debug|Any CPU
		{1A018476-EFB6-485D-9DBC-3EA5EA955EEE}.Debug|Any CPU.ActiveCfg = Debug|Any CPU
		{1A018476-EFB6-485D-9DBC-3EA5EA955EEE}.Debug|Any CPU.Build.0 = Debug|Any CPU
		{1A018476-EFB6-485D-9DBC-3EA5EA955EEE}.Release|Any CPU.ActiveCfg = Release|Any CPU
		{1A018476-EFB6-485D-9DBC-3EA5EA955EEE}.Release|Any CPU.Build.0 = Debug|Any CPU
		{F5569CBC-0AF2-4756-9CAF-DD1CB6E72884}.Debug|Any CPU.ActiveCfg = Debug|Any CPU
		{F5569CBC-0AF2-4756-9CAF-DD1CB6E72884}.Debug|Any CPU.Build.0 = Debug|Any CPU
		{F5569CBC-0AF2-4756-9CAF-DD1CB6E72884}.Release|Any CPU.ActiveCfg = Release|Any CPU
		{F5569CBC-0AF2-4756-9CAF-DD1CB6E72884}.Release|Any CPU.Build.0 = Debug|Any CPU
		{29D11105-4378-4C6C-AFC8-28CE22D9F8EE}.Debug|Any CPU.ActiveCfg = Debug|Any CPU
		{29D11105-4378-4C6C-AFC8-28CE22D9F8EE}.Debug|Any CPU.Build.0 = Debug|Any CPU
		{29D11105-4378-4C6C-AFC8-28CE22D9F8EE}.Release|Any CPU.ActiveCfg = Release|Any CPU
		{29D11105-4378-4C6C-AFC8-28CE22D9F8EE}.Release|Any CPU.Build.0 = Debug|Any CPU
		{68304E34-97D5-49E1-8670-FC62F94CCF0E}.Debug|Any CPU.ActiveCfg = Debug|Any CPU
		{68304E34-97D5-49E1-8670-FC62F94CCF0E}.Debug|Any CPU.Build.0 = Debug|Any CPU
		{68304E34-97D5-49E1-8670-FC62F94CCF0E}.Release|Any CPU.ActiveCfg = Release|Any CPU
		{68304E34-97D5-49E1-8670-FC62F94CCF0E}.Release|Any CPU.Build.0 = Debug|Any CPU
		{9D6244C9-C3B9-421C-A1E4-DC4492A3E354}.Debug|Any CPU.ActiveCfg = Debug|Any CPU
		{9D6244C9-C3B9-421C-A1E4-DC4492A3E354}.Debug|Any CPU.Build.0 = Debug|Any CPU
		{9D6244C9-C3B9-421C-A1E4-DC4492A3E354}.Release|Any CPU.ActiveCfg = Release|Any CPU
		{9D6244C9-C3B9-421C-A1E4-DC4492A3E354}.Release|Any CPU.Build.0 = Debug|Any CPU
		{1EFE0717-BD17-4781-A7D2-7F0216A3460B}.Debug|Any CPU.ActiveCfg = Debug|Any CPU
		{1EFE0717-BD17-4781-A7D2-7F0216A3460B}.Debug|Any CPU.Build.0 = Debug|Any CPU
		{1EFE0717-BD17-4781-A7D2-7F0216A3460B}.Release|Any CPU.ActiveCfg = Release|Any CPU
		{1EFE0717-BD17-4781-A7D2-7F0216A3460B}.Release|Any CPU.Build.0 = Debug|Any CPU
		{642B975B-A490-40E4-A322-B63B88BA8829}.Debug|Any CPU.ActiveCfg = Debug|Any CPU
		{642B975B-A490-40E4-A322-B63B88BA8829}.Debug|Any CPU.Build.0 = Debug|Any CPU
		{642B975B-A490-40E4-A322-B63B88BA8829}.Release|Any CPU.ActiveCfg = Release|Any CPU
		{642B975B-A490-40E4-A322-B63B88BA8829}.Release|Any CPU.Build.0 = Debug|Any CPU
		{4D615527-E3E4-4DCC-B2BC-0CA77D26451E}.Debug|Any CPU.ActiveCfg = Debug|Any CPU
		{4D615527-E3E4-4DCC-B2BC-0CA77D26451E}.Debug|Any CPU.Build.0 = Debug|Any CPU
		{4D615527-E3E4-4DCC-B2BC-0CA77D26451E}.Release|Any CPU.ActiveCfg = Release|Any CPU
		{4D615527-E3E4-4DCC-B2BC-0CA77D26451E}.Release|Any CPU.Build.0 = Debug|Any CPU
		{5D407E18-CC05-4089-A67B-AFF0EA5907AD}.Debug|Any CPU.ActiveCfg = Debug|Any CPU
		{5D407E18-CC05-4089-A67B-AFF0EA5907AD}.Debug|Any CPU.Build.0 = Debug|Any CPU
		{5D407E18-CC05-4089-A67B-AFF0EA5907AD}.Release|Any CPU.ActiveCfg = Release|Any CPU
		{5D407E18-CC05-4089-A67B-AFF0EA5907AD}.Release|Any CPU.Build.0 = Debug|Any CPU
		{E711039F-7408-49FC-8049-C756AC6852CA}.Debug|Any CPU.ActiveCfg = Debug|Any CPU
		{E711039F-7408-49FC-8049-C756AC6852CA}.Debug|Any CPU.Build.0 = Debug|Any CPU
		{E711039F-7408-49FC-8049-C756AC6852CA}.Release|Any CPU.ActiveCfg = Release|Any CPU
		{E711039F-7408-49FC-8049-C756AC6852CA}.Release|Any CPU.Build.0 = Debug|Any CPU
		{867F6131-9974-441A-B6E6-6E58659EB7EF}.Debug|Any CPU.ActiveCfg = Debug|Any CPU
		{867F6131-9974-441A-B6E6-6E58659EB7EF}.Debug|Any CPU.Build.0 = Debug|Any CPU
		{867F6131-9974-441A-B6E6-6E58659EB7EF}.Release|Any CPU.ActiveCfg = Release|Any CPU
		{867F6131-9974-441A-B6E6-6E58659EB7EF}.Release|Any CPU.Build.0 = Debug|Any CPU
		{DEF32E47-6C10-4B06-AC7B-C79899E499A5}.Debug|Any CPU.ActiveCfg = Debug|Any CPU
		{DEF32E47-6C10-4B06-AC7B-C79899E499A5}.Debug|Any CPU.Build.0 = Debug|Any CPU
		{DEF32E47-6C10-4B06-AC7B-C79899E499A5}.Release|Any CPU.ActiveCfg = Release|Any CPU
		{DEF32E47-6C10-4B06-AC7B-C79899E499A5}.Release|Any CPU.Build.0 = Debug|Any CPU
		{0474B7E2-B02E-4FCE-94D8-90E9B66B505A}.Debug|Any CPU.ActiveCfg = Debug|Any CPU
		{0474B7E2-B02E-4FCE-94D8-90E9B66B505A}.Debug|Any CPU.Build.0 = Debug|Any CPU
		{0474B7E2-B02E-4FCE-94D8-90E9B66B505A}.Release|Any CPU.ActiveCfg = Release|Any CPU
		{0474B7E2-B02E-4FCE-94D8-90E9B66B505A}.Release|Any CPU.Build.0 = Debug|Any CPU
		{005AF74C-D514-4060-8E60-3514C782B706}.Debug|Any CPU.ActiveCfg = Debug|Any CPU
		{005AF74C-D514-4060-8E60-3514C782B706}.Debug|Any CPU.Build.0 = Debug|Any CPU
		{005AF74C-D514-4060-8E60-3514C782B706}.Release|Any CPU.ActiveCfg = Release|Any CPU
		{005AF74C-D514-4060-8E60-3514C782B706}.Release|Any CPU.Build.0 = Debug|Any CPU
		{DCB5C43D-E947-4F5D-A350-E43D3998E692}.Debug|Any CPU.ActiveCfg = Debug|Any CPU
		{DCB5C43D-E947-4F5D-A350-E43D3998E692}.Debug|Any CPU.Build.0 = Debug|Any CPU
		{DCB5C43D-E947-4F5D-A350-E43D3998E692}.Release|Any CPU.ActiveCfg = Release|Any CPU
		{DCB5C43D-E947-4F5D-A350-E43D3998E692}.Release|Any CPU.Build.0 = Debug|Any CPU
		{B868BDED-285C-4D5F-ACE2-91676B8093E5}.Debug|Any CPU.ActiveCfg = Debug|Any CPU
		{B868BDED-285C-4D5F-ACE2-91676B8093E5}.Debug|Any CPU.Build.0 = Debug|Any CPU
		{B868BDED-285C-4D5F-ACE2-91676B8093E5}.Release|Any CPU.ActiveCfg = Release|Any CPU
		{B868BDED-285C-4D5F-ACE2-91676B8093E5}.Release|Any CPU.Build.0 = Debug|Any CPU
		{A50DF48C-2A02-41D4-A2B6-A9815B6C3147}.Debug|Any CPU.ActiveCfg = Debug|Any CPU
		{A50DF48C-2A02-41D4-A2B6-A9815B6C3147}.Debug|Any CPU.Build.0 = Debug|Any CPU
		{A50DF48C-2A02-41D4-A2B6-A9815B6C3147}.Release|Any CPU.ActiveCfg = Release|Any CPU
		{A50DF48C-2A02-41D4-A2B6-A9815B6C3147}.Release|Any CPU.Build.0 = Debug|Any CPU
		{3975DF0E-CCC6-470B-A7B0-B5B777FF70C9}.Debug|Any CPU.ActiveCfg = Debug|Any CPU
		{3975DF0E-CCC6-470B-A7B0-B5B777FF70C9}.Debug|Any CPU.Build.0 = Debug|Any CPU
		{3975DF0E-CCC6-470B-A7B0-B5B777FF70C9}.Release|Any CPU.ActiveCfg = Release|Any CPU
		{3975DF0E-CCC6-470B-A7B0-B5B777FF70C9}.Release|Any CPU.Build.0 = Debug|Any CPU
		{8D404E22-86BD-4A45-A122-C5C2B5B61E9A}.Debug|Any CPU.ActiveCfg = Debug|Any CPU
		{8D404E22-86BD-4A45-A122-C5C2B5B61E9A}.Debug|Any CPU.Build.0 = Debug|Any CPU
		{8D404E22-86BD-4A45-A122-C5C2B5B61E9A}.Release|Any CPU.ActiveCfg = Release|Any CPU
		{8D404E22-86BD-4A45-A122-C5C2B5B61E9A}.Release|Any CPU.Build.0 = Debug|Any CPU
		{A109B303-C757-4FA3-BE0E-6460DBCF9741}.Debug|Any CPU.ActiveCfg = Debug|Any CPU
		{A109B303-C757-4FA3-BE0E-6460DBCF9741}.Debug|Any CPU.Build.0 = Debug|Any CPU
		{A109B303-C757-4FA3-BE0E-6460DBCF9741}.Release|Any CPU.ActiveCfg = Release|Any CPU
		{A109B303-C757-4FA3-BE0E-6460DBCF9741}.Release|Any CPU.Build.0 = Debug|Any CPU
		{3AD8826F-070F-40DD-8771-8D17ADA7EBF2}.Debug|Any CPU.ActiveCfg = Debug|Any CPU
		{3AD8826F-070F-40DD-8771-8D17ADA7EBF2}.Debug|Any CPU.Build.0 = Debug|Any CPU
		{3AD8826F-070F-40DD-8771-8D17ADA7EBF2}.Release|Any CPU.ActiveCfg = Release|Any CPU
		{3AD8826F-070F-40DD-8771-8D17ADA7EBF2}.Release|Any CPU.Build.0 = Debug|Any CPU
		{4E8E2DDA-4989-47CA-848D-3784207BC888}.Debug|Any CPU.ActiveCfg = Debug|Any CPU
		{4E8E2DDA-4989-47CA-848D-3784207BC888}.Debug|Any CPU.Build.0 = Debug|Any CPU
		{4E8E2DDA-4989-47CA-848D-3784207BC888}.Release|Any CPU.ActiveCfg = Release|Any CPU
		{4E8E2DDA-4989-47CA-848D-3784207BC888}.Release|Any CPU.Build.0 = Debug|Any CPU
		{83B25B4A-62BF-4BF0-A18C-623AF31C7BDD}.Debug|Any CPU.ActiveCfg = Debug|Any CPU
		{83B25B4A-62BF-4BF0-A18C-623AF31C7BDD}.Debug|Any CPU.Build.0 = Debug|Any CPU
		{83B25B4A-62BF-4BF0-A18C-623AF31C7BDD}.Release|Any CPU.ActiveCfg = Release|Any CPU
		{83B25B4A-62BF-4BF0-A18C-623AF31C7BDD}.Release|Any CPU.Build.0 = Debug|Any CPU
		{AFF249F1-CD55-447C-81A2-0EC80715C391}.Debug|Any CPU.ActiveCfg = Debug|Any CPU
		{AFF249F1-CD55-447C-81A2-0EC80715C391}.Debug|Any CPU.Build.0 = Debug|Any CPU
		{AFF249F1-CD55-447C-81A2-0EC80715C391}.Release|Any CPU.ActiveCfg = Release|Any CPU
		{AFF249F1-CD55-447C-81A2-0EC80715C391}.Release|Any CPU.Build.0 = Debug|Any CPU
		{6FDE9471-4E80-469D-B441-BD8CFA62F93E}.Debug|Any CPU.ActiveCfg = Debug|Any CPU
		{6FDE9471-4E80-469D-B441-BD8CFA62F93E}.Debug|Any CPU.Build.0 = Debug|Any CPU
		{6FDE9471-4E80-469D-B441-BD8CFA62F93E}.Release|Any CPU.ActiveCfg = Release|Any CPU
		{6FDE9471-4E80-469D-B441-BD8CFA62F93E}.Release|Any CPU.Build.0 = Debug|Any CPU
		{615867C3-F394-47C7-B4FF-F40DCFC3CD94}.Debug|Any CPU.ActiveCfg = Debug|Any CPU
		{615867C3-F394-47C7-B4FF-F40DCFC3CD94}.Debug|Any CPU.Build.0 = Debug|Any CPU
		{615867C3-F394-47C7-B4FF-F40DCFC3CD94}.Release|Any CPU.ActiveCfg = Release|Any CPU
		{615867C3-F394-47C7-B4FF-F40DCFC3CD94}.Release|Any CPU.Build.0 = Debug|Any CPU
		{8C899CAC-D4E2-4234-BB3C-2ABAD08B2F0B}.Debug|Any CPU.ActiveCfg = Debug|Any CPU
		{8C899CAC-D4E2-4234-BB3C-2ABAD08B2F0B}.Debug|Any CPU.Build.0 = Debug|Any CPU
		{8C899CAC-D4E2-4234-BB3C-2ABAD08B2F0B}.Release|Any CPU.ActiveCfg = Release|Any CPU
		{8C899CAC-D4E2-4234-BB3C-2ABAD08B2F0B}.Release|Any CPU.Build.0 = Debug|Any CPU
		{A28423A8-D0F5-454B-9ABE-7CF4125E2E8D}.Debug|Any CPU.ActiveCfg = Debug|Any CPU
		{A28423A8-D0F5-454B-9ABE-7CF4125E2E8D}.Debug|Any CPU.Build.0 = Debug|Any CPU
		{A28423A8-D0F5-454B-9ABE-7CF4125E2E8D}.Release|Any CPU.ActiveCfg = Release|Any CPU
		{A28423A8-D0F5-454B-9ABE-7CF4125E2E8D}.Release|Any CPU.Build.0 = Debug|Any CPU
		{AB89F1F0-E4B6-4538-8DF5-3CD1E1BFEB2D}.Debug|Any CPU.ActiveCfg = Debug|Any CPU
		{AB89F1F0-E4B6-4538-8DF5-3CD1E1BFEB2D}.Debug|Any CPU.Build.0 = Debug|Any CPU
		{AB89F1F0-E4B6-4538-8DF5-3CD1E1BFEB2D}.Release|Any CPU.ActiveCfg = Release|Any CPU
		{AB89F1F0-E4B6-4538-8DF5-3CD1E1BFEB2D}.Release|Any CPU.Build.0 = Debug|Any CPU
		{2E695896-7032-4A4D-BDBF-E9F7911D5860}.Debug|Any CPU.ActiveCfg = Debug|Any CPU
		{2E695896-7032-4A4D-BDBF-E9F7911D5860}.Debug|Any CPU.Build.0 = Debug|Any CPU
		{2E695896-7032-4A4D-BDBF-E9F7911D5860}.Release|Any CPU.ActiveCfg = Release|Any CPU
		{2E695896-7032-4A4D-BDBF-E9F7911D5860}.Release|Any CPU.Build.0 = Debug|Any CPU
		{48D0515F-5C99-48C4-A53F-AEBB2CF558C8}.Debug|Any CPU.ActiveCfg = Debug|Any CPU
		{48D0515F-5C99-48C4-A53F-AEBB2CF558C8}.Debug|Any CPU.Build.0 = Debug|Any CPU
		{48D0515F-5C99-48C4-A53F-AEBB2CF558C8}.Release|Any CPU.ActiveCfg = Release|Any CPU
		{48D0515F-5C99-48C4-A53F-AEBB2CF558C8}.Release|Any CPU.Build.0 = Debug|Any CPU
		{C5EF7139-7E1C-49C6-8D3D-03C0FC592FF7}.Debug|Any CPU.ActiveCfg = Debug|Any CPU
		{C5EF7139-7E1C-49C6-8D3D-03C0FC592FF7}.Debug|Any CPU.Build.0 = Debug|Any CPU
		{C5EF7139-7E1C-49C6-8D3D-03C0FC592FF7}.Release|Any CPU.ActiveCfg = Release|Any CPU
		{C5EF7139-7E1C-49C6-8D3D-03C0FC592FF7}.Release|Any CPU.Build.0 = Debug|Any CPU
		{62A2FACD-4F1A-43B3-A805-78FF111DEC01}.Debug|Any CPU.ActiveCfg = Debug|Any CPU
		{62A2FACD-4F1A-43B3-A805-78FF111DEC01}.Debug|Any CPU.Build.0 = Debug|Any CPU
		{62A2FACD-4F1A-43B3-A805-78FF111DEC01}.Release|Any CPU.ActiveCfg = Release|Any CPU
		{62A2FACD-4F1A-43B3-A805-78FF111DEC01}.Release|Any CPU.Build.0 = Debug|Any CPU
		{00B55318-AEA3-4F17-955D-81851B8071F1}.Debug|Any CPU.ActiveCfg = Debug|Any CPU
		{00B55318-AEA3-4F17-955D-81851B8071F1}.Debug|Any CPU.Build.0 = Debug|Any CPU
		{00B55318-AEA3-4F17-955D-81851B8071F1}.Release|Any CPU.ActiveCfg = Release|Any CPU
		{00B55318-AEA3-4F17-955D-81851B8071F1}.Release|Any CPU.Build.0 = Debug|Any CPU
		{871E68C5-1A97-446A-862C-391A3ECD8B6F}.Debug|Any CPU.ActiveCfg = Debug|Any CPU
		{871E68C5-1A97-446A-862C-391A3ECD8B6F}.Debug|Any CPU.Build.0 = Debug|Any CPU
		{871E68C5-1A97-446A-862C-391A3ECD8B6F}.Release|Any CPU.ActiveCfg = Release|Any CPU
		{871E68C5-1A97-446A-862C-391A3ECD8B6F}.Release|Any CPU.Build.0 = Debug|Any CPU
		{460FE8B2-17EC-4A7E-83F8-B77B88E8B284}.Debug|Any CPU.ActiveCfg = Debug|Any CPU
		{460FE8B2-17EC-4A7E-83F8-B77B88E8B284}.Debug|Any CPU.Build.0 = Debug|Any CPU
		{460FE8B2-17EC-4A7E-83F8-B77B88E8B284}.Release|Any CPU.ActiveCfg = Release|Any CPU
		{460FE8B2-17EC-4A7E-83F8-B77B88E8B284}.Release|Any CPU.Build.0 = Debug|Any CPU
		{776D82B5-9BCD-4E41-8DD9-51DA6CB4EC9E}.Debug|Any CPU.ActiveCfg = Debug|Any CPU
		{776D82B5-9BCD-4E41-8DD9-51DA6CB4EC9E}.Debug|Any CPU.Build.0 = Debug|Any CPU
		{776D82B5-9BCD-4E41-8DD9-51DA6CB4EC9E}.Release|Any CPU.ActiveCfg = Release|Any CPU
		{776D82B5-9BCD-4E41-8DD9-51DA6CB4EC9E}.Release|Any CPU.Build.0 = Debug|Any CPU
		{7E03E94E-CD7B-4261-9FF3-CFB6D5DF2ADF}.Debug|Any CPU.ActiveCfg = Debug|Any CPU
		{7E03E94E-CD7B-4261-9FF3-CFB6D5DF2ADF}.Debug|Any CPU.Build.0 = Debug|Any CPU
		{7E03E94E-CD7B-4261-9FF3-CFB6D5DF2ADF}.Release|Any CPU.ActiveCfg = Release|Any CPU
		{7E03E94E-CD7B-4261-9FF3-CFB6D5DF2ADF}.Release|Any CPU.Build.0 = Debug|Any CPU
		{6A07BDB8-D8D2-43E9-8791-80C4A3A91788}.Debug|Any CPU.ActiveCfg = Debug|Any CPU
		{6A07BDB8-D8D2-43E9-8791-80C4A3A91788}.Debug|Any CPU.Build.0 = Debug|Any CPU
		{6A07BDB8-D8D2-43E9-8791-80C4A3A91788}.Release|Any CPU.ActiveCfg = Release|Any CPU
		{6A07BDB8-D8D2-43E9-8791-80C4A3A91788}.Release|Any CPU.Build.0 = Debug|Any CPU
		{23311EE2-A0CD-46F6-9766-652A04A7602F}.Debug|Any CPU.ActiveCfg = Debug|Any CPU
		{23311EE2-A0CD-46F6-9766-652A04A7602F}.Debug|Any CPU.Build.0 = Debug|Any CPU
		{23311EE2-A0CD-46F6-9766-652A04A7602F}.Release|Any CPU.ActiveCfg = Release|Any CPU
		{23311EE2-A0CD-46F6-9766-652A04A7602F}.Release|Any CPU.Build.0 = Debug|Any CPU
		{386955C8-C7DC-4E4C-B7AB-10D8C8BE3C19}.Debug|Any CPU.ActiveCfg = Debug|Any CPU
		{386955C8-C7DC-4E4C-B7AB-10D8C8BE3C19}.Debug|Any CPU.Build.0 = Debug|Any CPU
		{386955C8-C7DC-4E4C-B7AB-10D8C8BE3C19}.Release|Any CPU.ActiveCfg = Release|Any CPU
		{386955C8-C7DC-4E4C-B7AB-10D8C8BE3C19}.Release|Any CPU.Build.0 = Debug|Any CPU
		{CF9B6830-2682-4843-AFB6-FD9DF7BAC7AB}.Debug|Any CPU.ActiveCfg = Debug|Any CPU
		{CF9B6830-2682-4843-AFB6-FD9DF7BAC7AB}.Debug|Any CPU.Build.0 = Debug|Any CPU
		{CF9B6830-2682-4843-AFB6-FD9DF7BAC7AB}.Release|Any CPU.ActiveCfg = Release|Any CPU
		{CF9B6830-2682-4843-AFB6-FD9DF7BAC7AB}.Release|Any CPU.Build.0 = Debug|Any CPU
		{598BB580-ACF5-4E89-8EEF-7FE31E050E98}.Debug|Any CPU.ActiveCfg = Debug|Any CPU
		{598BB580-ACF5-4E89-8EEF-7FE31E050E98}.Debug|Any CPU.Build.0 = Debug|Any CPU
		{598BB580-ACF5-4E89-8EEF-7FE31E050E98}.Release|Any CPU.ActiveCfg = Release|Any CPU
		{598BB580-ACF5-4E89-8EEF-7FE31E050E98}.Release|Any CPU.Build.0 = Debug|Any CPU
		{AE8B8166-23AB-4308-B637-C88651D8C4E9}.Debug|Any CPU.ActiveCfg = Debug|Any CPU
		{AE8B8166-23AB-4308-B637-C88651D8C4E9}.Debug|Any CPU.Build.0 = Debug|Any CPU
		{AE8B8166-23AB-4308-B637-C88651D8C4E9}.Release|Any CPU.ActiveCfg = Release|Any CPU
		{AE8B8166-23AB-4308-B637-C88651D8C4E9}.Release|Any CPU.Build.0 = Debug|Any CPU
		{DCAAF26D-B0D9-44C7-A312-08BB46E6D04C}.Debug|Any CPU.ActiveCfg = Debug|Any CPU
		{DCAAF26D-B0D9-44C7-A312-08BB46E6D04C}.Debug|Any CPU.Build.0 = Debug|Any CPU
		{DCAAF26D-B0D9-44C7-A312-08BB46E6D04C}.Release|Any CPU.ActiveCfg = Release|Any CPU
		{DCAAF26D-B0D9-44C7-A312-08BB46E6D04C}.Release|Any CPU.Build.0 = Debug|Any CPU
		{2B963791-4BF7-41C3-819F-42DF56BEC6C2}.Debug|Any CPU.ActiveCfg = Debug|Any CPU
		{2B963791-4BF7-41C3-819F-42DF56BEC6C2}.Debug|Any CPU.Build.0 = Debug|Any CPU
		{2B963791-4BF7-41C3-819F-42DF56BEC6C2}.Release|Any CPU.ActiveCfg = Release|Any CPU
		{2B963791-4BF7-41C3-819F-42DF56BEC6C2}.Release|Any CPU.Build.0 = Debug|Any CPU
	EndGlobalSection
	GlobalSection(SolutionProperties) = preSolution
		HideSolutionNode = FALSE
	EndGlobalSection
	GlobalSection(NestedProjects) = preSolution
		{4A899A4E-8944-462C-8C4B-EA1C8313C5DD} = {d4cc7180-ca92-4764-8030-15071b2b7d24}
		{94EDC1AF-5A34-42B0-B917-66377FCB2CD2} = {d4cc7180-ca92-4764-8030-15071b2b7d24}
		{47EFE6AA-1395-4554-ABD7-D83598551A04} = {94edc1af-5a34-42b0-b917-66377fcb2cd2}
		{2FFB9099-43BA-4715-9E71-7DC5F0276A9D} = {94edc1af-5a34-42b0-b917-66377fcb2cd2}
		{4552D097-17A1-4399-A92C-FD7896A59672} = {94edc1af-5a34-42b0-b917-66377fcb2cd2}
		{365CA711-B906-4E1C-B9FD-0636F5A1DDB0} = {94edc1af-5a34-42b0-b917-66377fcb2cd2}
		{A895C92C-862C-4BE8-8753-F42FCFD19E7C} = {4A899A4E-8944-462C-8C4B-EA1C8313C5DD}
		{F8B517AE-8E54-4429-84E4-5CB2EF533559} = {4A899A4E-8944-462C-8C4B-EA1C8313C5DD}
		{4A61B777-EFD3-4DC3-9570-5A5D1A043BC8} = {4A899A4E-8944-462C-8C4B-EA1C8313C5DD}
		{CF0693B4-488E-404B-9AEA-AD541B6A11C0} = {4A899A4E-8944-462C-8C4B-EA1C8313C5DD}
		{5B66AF71-8589-43B2-9930-46107EEE91B4} = {4A899A4E-8944-462C-8C4B-EA1C8313C5DD}
		{CE18C759-C5E5-4737-BB1A-F91A58E9E4C5} = {4A899A4E-8944-462C-8C4B-EA1C8313C5DD}
		{4604688A-7FD8-411F-BC04-0AB0D46E0135} = {4A899A4E-8944-462C-8C4B-EA1C8313C5DD}
		{14ACE153-7EED-4F0B-A4E0-9F593A6D52D2} = {4A899A4E-8944-462C-8C4B-EA1C8313C5DD}
		{B32A7470-A5E0-459B-831F-F598B09B75C7} = {836E16FA-397D-4397-B68C-8FD6B955D721}
		{F201379D-034B-4892-9AEC-927A3D67D260} = {836E16FA-397D-4397-B68C-8FD6B955D721}
		{8A12C259-5B56-47AF-A21C-0E709F5E8E54} = {836E16FA-397D-4397-B68C-8FD6B955D721}
		{028BD872-F585-4D60-9E45-E5BECE93D775} = {836E16FA-397D-4397-B68C-8FD6B955D721}
		{37102465-556B-49E7-8CA2-A7814E45DE36} = {836E16FA-397D-4397-B68C-8FD6B955D721}
		{A9940920-207F-471D-8164-13D5A4B518BA} = {836E16FA-397D-4397-B68C-8FD6B955D721}
		{C3B7905B-DDE3-43AB-BF95-851B9F241728} = {836E16FA-397D-4397-B68C-8FD6B955D721}
		{53E9D500-88E1-433A-87FA-501C11E9879E} = {836E16FA-397D-4397-B68C-8FD6B955D721}
		{CB80E983-607D-48F9-8D2F-BDD182551EEC} = {836E16FA-397D-4397-B68C-8FD6B955D721}
		{90F719D6-AC27-4F7C-A42B-723601155B53} = {836E16FA-397D-4397-B68C-8FD6B955D721}
		{6D25AA30-C3AF-4AE0-B567-0F2653120CDC} = {662EE4A1-46AA-4924-A874-5CB73C6232E0}
		{51D5F233-02F2-45F7-B4F2-60D18EF3DEC5} = {662EE4A1-46AA-4924-A874-5CB73C6232E0}
		{BA8C8C0B-470A-4D3C-B3DA-9E28599799B5} = {662EE4A1-46AA-4924-A874-5CB73C6232E0}
		{525678C4-FDC1-4A5D-9D8A-D7E78309335F} = {662EE4A1-46AA-4924-A874-5CB73C6232E0}
		{F85A14D5-64E0-4CFC-88DA-27FE9D0DD664} = {662EE4A1-46AA-4924-A874-5CB73C6232E0}
		{C3A270DE-9727-492E-91E2-F56E7E0E0F83} = {662EE4A1-46AA-4924-A874-5CB73C6232E0}
		{7D1B22F8-06A2-4D09-A3AD-D93A09A01815} = {662EE4A1-46AA-4924-A874-5CB73C6232E0}
		{E45A004F-FBEF-445C-9607-FBC89D6D4590} = {662EE4A1-46AA-4924-A874-5CB73C6232E0}
		{C72B898B-B53B-42D5-9F4F-673F84BB485B} = {662EE4A1-46AA-4924-A874-5CB73C6232E0}
		{3EF91DC7-12C9-47F3-BB18-AD3D85D1B624} = {662EE4A1-46AA-4924-A874-5CB73C6232E0}
		{33C271B9-0A43-408A-8C6A-B1A43ED065A7} = {662EE4A1-46AA-4924-A874-5CB73C6232E0}
		{3AC70E9C-5E33-44AF-8319-2E4F68DA86CB} = {662EE4A1-46AA-4924-A874-5CB73C6232E0}
		{950B9CDB-9286-4A1A-8D88-1DF6954A45E3} = {662EE4A1-46AA-4924-A874-5CB73C6232E0}
		{5937761D-D25B-4C6F-A5E8-FCBFA258BB4A} = {662EE4A1-46AA-4924-A874-5CB73C6232E0}
		{E5302713-0022-4657-85D8-9620818071DF} = {662EE4A1-46AA-4924-A874-5CB73C6232E0}
		{D9B82B9C-0FF6-4AC7-AC75-42D8025B2800} = {836E16FA-397D-4397-B68C-8FD6B955D721}
		{B6F3F110-9593-497C-8EE1-FD18D7C8C657} = {836E16FA-397D-4397-B68C-8FD6B955D721}
		{7DEA9522-E2E2-4737-8551-9DCBE4D657D2} = {836E16FA-397D-4397-B68C-8FD6B955D721}
		{159E6F3A-0B34-4008-BC6A-2C40B4CE0E50} = {94EDC1AF-5A34-42B0-B917-66377FCB2CD2}
		{F9F6AFDD-CBC4-42C9-AD50-F3D721C11058} = {47EFE6AA-1395-4554-ABD7-D83598551A04}
		{A2EED323-6CDB-42C5-8064-1B55595E0804} = {94EDC1AF-5A34-42B0-B917-66377FCB2CD2}
		{E9B2D7C9-66E2-4548-8BBF-95B1AC20BD3A} = {94EDC1AF-5A34-42B0-B917-66377FCB2CD2}
		{5BCAE2FB-5C8C-4538-9BA9-CC643082583B} = {94EDC1AF-5A34-42B0-B917-66377FCB2CD2}
		{ADA3B560-C0B9-42D0-92FF-A76462E8D524} = {836E16FA-397D-4397-B68C-8FD6B955D721}
		{6C51BF0B-42F0-4670-9F20-A47BB0EA8866} = {836E16FA-397D-4397-B68C-8FD6B955D721}
		{794EA58E-D8EE-422C-B6FB-D9965E175AA3} = {417A9B3C-5113-4DC1-8C88-C3B953133B08}
		{23BF8E7C-DF8C-43F2-9153-53DE5EE23C86} = {836E16FA-397D-4397-B68C-8FD6B955D721}
		{1A018476-EFB6-485D-9DBC-3EA5EA955EEE} = {417A9B3C-5113-4DC1-8C88-C3B953133B08}
		{F5569CBC-0AF2-4756-9CAF-DD1CB6E72884} = {ECA57FC5-6720-4D68-9A22-553E89AEE709}
		{29D11105-4378-4C6C-AFC8-28CE22D9F8EE} = {ECA57FC5-6720-4D68-9A22-553E89AEE709}
		{68304E34-97D5-49E1-8670-FC62F94CCF0E} = {ECA57FC5-6720-4D68-9A22-553E89AEE709}
		{9D6244C9-C3B9-421C-A1E4-DC4492A3E354} = {ECA57FC5-6720-4D68-9A22-553E89AEE709}
		{1EFE0717-BD17-4781-A7D2-7F0216A3460B} = {573ACFBD-B79A-477F-84EB-9A0655DBA87F}
		{642B975B-A490-40E4-A322-B63B88BA8829} = {573ACFBD-B79A-477F-84EB-9A0655DBA87F}
		{4D615527-E3E4-4DCC-B2BC-0CA77D26451E} = {573ACFBD-B79A-477F-84EB-9A0655DBA87F}
		{5D407E18-CC05-4089-A67B-AFF0EA5907AD} = {573ACFBD-B79A-477F-84EB-9A0655DBA87F}
		{E711039F-7408-49FC-8049-C756AC6852CA} = {573ACFBD-B79A-477F-84EB-9A0655DBA87F}
		{867F6131-9974-441A-B6E6-6E58659EB7EF} = {573ACFBD-B79A-477F-84EB-9A0655DBA87F}
		{DEF32E47-6C10-4B06-AC7B-C79899E499A5} = {573ACFBD-B79A-477F-84EB-9A0655DBA87F}
		{0474B7E2-B02E-4FCE-94D8-90E9B66B505A} = {2FFB9099-43BA-4715-9E71-7DC5F0276A9D}
		{005AF74C-D514-4060-8E60-3514C782B706} = {ECA57FC5-6720-4D68-9A22-553E89AEE709}
		{DCB5C43D-E947-4F5D-A350-E43D3998E692} = {120B4DDB-07F2-4738-99F2-BD31175A2759}
		{B868BDED-285C-4D5F-ACE2-91676B8093E5} = {ECA57FC5-6720-4D68-9A22-553E89AEE709}
		{A50DF48C-2A02-41D4-A2B6-A9815B6C3147} = {B9905B4E-B156-4AA7-A83D-FC8F856F93BC}
		{3975DF0E-CCC6-470B-A7B0-B5B777FF70C9} = {B9905B4E-B156-4AA7-A83D-FC8F856F93BC}
		{8D404E22-86BD-4A45-A122-C5C2B5B61E9A} = {B9905B4E-B156-4AA7-A83D-FC8F856F93BC}
		{A109B303-C757-4FA3-BE0E-6460DBCF9741} = {B9905B4E-B156-4AA7-A83D-FC8F856F93BC}
		{3AD8826F-070F-40DD-8771-8D17ADA7EBF2} = {9DB46A83-860F-495C-86AC-549C6B15F716}
		{4E8E2DDA-4989-47CA-848D-3784207BC888} = {9DB46A83-860F-495C-86AC-549C6B15F716}
		{83B25B4A-62BF-4BF0-A18C-623AF31C7BDD} = {9DB46A83-860F-495C-86AC-549C6B15F716}
		{AFF249F1-CD55-447C-81A2-0EC80715C391} = {9DB46A83-860F-495C-86AC-549C6B15F716}
		{6FDE9471-4E80-469D-B441-BD8CFA62F93E} = {9DB46A83-860F-495C-86AC-549C6B15F716}
		{615867C3-F394-47C7-B4FF-F40DCFC3CD94} = {9DB46A83-860F-495C-86AC-549C6B15F716}
		{8C899CAC-D4E2-4234-BB3C-2ABAD08B2F0B} = {9DB46A83-860F-495C-86AC-549C6B15F716}
		{A28423A8-D0F5-454B-9ABE-7CF4125E2E8D} = {4552D097-17A1-4399-A92C-FD7896A59672}
		{AB89F1F0-E4B6-4538-8DF5-3CD1E1BFEB2D} = {B9905B4E-B156-4AA7-A83D-FC8F856F93BC}
		{2E695896-7032-4A4D-BDBF-E9F7911D5860} = {58544195-B468-4427-89E5-54D29A8929D3}
		{48D0515F-5C99-48C4-A53F-AEBB2CF558C8} = {B9905B4E-B156-4AA7-A83D-FC8F856F93BC}
		{C5EF7139-7E1C-49C6-8D3D-03C0FC592FF7} = {B16390E0-F754-42A5-9B6B-E827466F0B65}
		{62A2FACD-4F1A-43B3-A805-78FF111DEC01} = {B16390E0-F754-42A5-9B6B-E827466F0B65}
		{00B55318-AEA3-4F17-955D-81851B8071F1} = {B16390E0-F754-42A5-9B6B-E827466F0B65}
		{871E68C5-1A97-446A-862C-391A3ECD8B6F} = {B16390E0-F754-42A5-9B6B-E827466F0B65}
		{460FE8B2-17EC-4A7E-83F8-B77B88E8B284} = {677434A5-DE71-4EA8-8ABD-537D1C76407C}
		{776D82B5-9BCD-4E41-8DD9-51DA6CB4EC9E} = {677434A5-DE71-4EA8-8ABD-537D1C76407C}
		{7E03E94E-CD7B-4261-9FF3-CFB6D5DF2ADF} = {677434A5-DE71-4EA8-8ABD-537D1C76407C}
		{6A07BDB8-D8D2-43E9-8791-80C4A3A91788} = {677434A5-DE71-4EA8-8ABD-537D1C76407C}
		{23311EE2-A0CD-46F6-9766-652A04A7602F} = {677434A5-DE71-4EA8-8ABD-537D1C76407C}
		{386955C8-C7DC-4E4C-B7AB-10D8C8BE3C19} = {677434A5-DE71-4EA8-8ABD-537D1C76407C}
		{CF9B6830-2682-4843-AFB6-FD9DF7BAC7AB} = {677434A5-DE71-4EA8-8ABD-537D1C76407C}
		{598BB580-ACF5-4E89-8EEF-7FE31E050E98} = {365CA711-B906-4E1C-B9FD-0636F5A1DDB0}
		{AE8B8166-23AB-4308-B637-C88651D8C4E9} = {B16390E0-F754-42A5-9B6B-E827466F0B65}
		{DCAAF26D-B0D9-44C7-A312-08BB46E6D04C} = {E3DA5AC8-E94F-4463-9422-03966B8367A4}
		{2B963791-4BF7-41C3-819F-42DF56BEC6C2} = {B16390E0-F754-42A5-9B6B-E827466F0B65}
    EndGlobalSection
EndGlobal
